<?xml version="1.0" encoding="utf-8"?>
<Project ToolsVersion="4.0" xmlns="http://schemas.microsoft.com/developer/msbuild/2003">
  <ItemGroup>
    <FxCompile Include="Engine\EngineAssets\shaders\particle\gpu\ParticleCS.PS.hlsl">
      <Filter>Engine\EngineAssets\shaders\particle\gpu</Filter>
    </FxCompile>
    <FxCompile Include="Engine\EngineAssets\shaders\particle\gpu\ParticleCS.VS.hlsl">
      <Filter>Engine\EngineAssets\shaders\particle\gpu</Filter>
    </FxCompile>
    <FxCompile Include="Engine\EngineAssets\shaders\particle\gpu\CountParticle.CS.hlsl">
      <Filter>Engine\EngineAssets\shaders\particle\gpu</Filter>
    </FxCompile>
    <FxCompile Include="Engine\EngineAssets\shaders\particle\gpu\EmitParticle.CS.hlsl">
      <Filter>Engine\EngineAssets\shaders\particle\gpu</Filter>
    </FxCompile>
    <FxCompile Include="Engine\EngineAssets\shaders\particle\gpu\InitParticle.CS.hlsl">
      <Filter>Engine\EngineAssets\shaders\particle\gpu</Filter>
    </FxCompile>
    <FxCompile Include="Engine\EngineAssets\shaders\particle\gpu\UpdateParticle.CS.hlsl">
      <Filter>Engine\EngineAssets\shaders\particle\gpu</Filter>
    </FxCompile>
    <FxCompile Include="Engine\EngineAssets\shaders\offscreen\Bloom.PS.hlsl" />
    <FxCompile Include="Engine\EngineAssets\shaders\offscreen\Pixelate.PS.hlsl" />
    <FxCompile Include="Engine\EngineAssets\shaders\offscreen\Dissolve.PS.hlsl" />
    <FxCompile Include="Engine\EngineAssets\shaders\offscreen\FocusLine.PS.hlsl" />
    <FxCompile Include="Engine\EngineAssets\shaders\offscreen\Random.PS.hlsl" />
    <FxCompile Include="Engine\EngineAssets\shaders\particle\Particle.PS.hlsl" />
    <FxCompile Include="Engine\EngineAssets\shaders\Skinning\Skinning.CS.hlsl" />
    <FxCompile Include="Engine\EngineAssets\shaders\offscreen\BoxFilter.PS.hlsl" />
    <FxCompile Include="Engine\EngineAssets\shaders\offscreen\Cinematic.PS.hlsl" />
    <FxCompile Include="Engine\EngineAssets\shaders\offscreen\CopyImage.PS.hlsl" />
    <FxCompile Include="Engine\EngineAssets\shaders\offscreen\DepthBasedOutline.PS.hlsl" />
    <FxCompile Include="Engine\EngineAssets\shaders\offscreen\FullScreen.VS.hlsl" />
    <FxCompile Include="Engine\EngineAssets\shaders\offscreen\GaussianFilter.PS.hlsl" />
    <FxCompile Include="Engine\EngineAssets\shaders\offscreen\Grayscale.PS.hlsl" />
    <FxCompile Include="Engine\EngineAssets\shaders\line\Line3d.PS.hlsl" />
    <FxCompile Include="Engine\EngineAssets\shaders\line\Line3d.VS.hlsl" />
    <FxCompile Include="Engine\EngineAssets\shaders\offscreen\LuminanceBasedOutline.PS.hlsl" />
    <FxCompile Include="Engine\EngineAssets\shaders\object\Object3d.PS.hlsl" />
    <FxCompile Include="Engine\EngineAssets\shaders\object\Object3d.VS.hlsl" />
    <FxCompile Include="Engine\EngineAssets\shaders\offscreen\RadialBlur.PS.hlsl" />
    <FxCompile Include="Engine\EngineAssets\shaders\Skinning\Skinning.VS.hlsl" />
    <FxCompile Include="Engine\EngineAssets\shaders\Skybox\Skybox.PS.hlsl" />
    <FxCompile Include="Engine\EngineAssets\shaders\Skybox\Skybox.VS.hlsl" />
    <FxCompile Include="Engine\EngineAssets\shaders\Sprite\Sprite.PS.hlsl" />
    <FxCompile Include="Engine\EngineAssets\shaders\Sprite\Sprite.VS.hlsl" />
    <FxCompile Include="Engine\EngineAssets\shaders\offscreen\Vignette.PS.hlsl" />
  </ItemGroup>
  <ItemGroup>
    <ClCompile Include="main.cpp" />
    <ClCompile Include="Application\camera\death\DeathCamera.cpp">
      <Filter>Application\camera</Filter>
    </ClCompile>
    <ClCompile Include="Application\camera\follow\FollowCamera.cpp">
      <Filter>Application\camera</Filter>
    </ClCompile>
    <ClCompile Include="Application\camera\follow\parts\CameraLockOn.cpp">
      <Filter>Application\camera\parts</Filter>
    </ClCompile>
    <ClCompile Include="Application\camera\follow\parts\CameraRush.cpp">
      <Filter>Application\camera\parts</Filter>
    </ClCompile>
    <ClCompile Include="Application\camera\follow\parts\CameraSkillCutscene.cpp">
      <Filter>Application\camera\parts</Filter>
    </ClCompile>
    <ClCompile Include="Application\camera\start\StartCamera.cpp">
      <Filter>Application\camera</Filter>
    </ClCompile>
    <ClCompile Include="Application\entity\enemy\Enemy.cpp">
      <Filter>Application\entity\enemy</Filter>
    </ClCompile>
    <ClCompile Include="Application\entity\enemy\parts\EnemyCombat.cpp">
      <Filter>Application\entity\enemy\parts</Filter>
    </ClCompile>
    <ClCompile Include="Application\entity\enemy\parts\EnemyMovement.cpp">
      <Filter>Application\entity\enemy\parts</Filter>
    </ClCompile>
    <ClCompile Include="Application\entity\enemy\parts\EnemyStatus.cpp">
      <Filter>Application\entity\enemy\parts</Filter>
    </ClCompile>
    <ClCompile Include="Application\entity\enemy\parts\EnemyVisual.cpp">
      <Filter>Application\entity\enemy\parts</Filter>
    </ClCompile>
    <ClCompile Include="Application\entity\field\ground\Ground.cpp">
      <Filter>Application\entity\field\ground</Filter>
    </ClCompile>
    <ClCompile Include="Application\entity\player\Player.cpp">
      <Filter>Application\entity\player</Filter>
    </ClCompile>
    <ClCompile Include="Application\entity\player\parts\PlayerCombat.cpp">
      <Filter>Application\entity\player\parts</Filter>
    </ClCompile>
    <ClCompile Include="Application\entity\player\parts\PlayerMovement.cpp">
      <Filter>Application\entity\player\parts</Filter>
    </ClCompile>
    <ClCompile Include="Application\entity\player\parts\PlayerStatus.cpp">
      <Filter>Application\entity\player\parts</Filter>
    </ClCompile>
    <ClCompile Include="Application\entity\player\parts\PlayerVisual.cpp">
      <Filter>Application\entity\player\parts</Filter>
    </ClCompile>
    <ClCompile Include="Application\utility\cutscene\SkillCutscene.cpp">
      <Filter>Application\utility\cutscene</Filter>
    </ClCompile>
    <ClCompile Include="Engine\utility\debug\param\GameParamHub.cpp">
      <Filter>Engine\utility\debug\param</Filter>
    </ClCompile>
    <ClCompile Include="Application\entity\player\bullet\PlayerBullet.cpp">
      <Filter>Application\entity\player\bullet</Filter>
    </ClCompile>
    <ClCompile Include="Application\entity\player\state\action\PlayerEnergyCharge.cpp">
      <Filter>Application\entity\player\state\action</Filter>
    </ClCompile>
    <ClCompile Include="Application\entity\player\state\air\PlayerStateAir.cpp">
      <Filter>Application\entity\player\state\air</Filter>
    </ClCompile>
    <ClCompile Include="Application\entity\player\state\fly\PlayerStateFlyIdle.cpp">
      <Filter>Application\entity\player\state\fly</Filter>
    </ClCompile>
    <ClCompile Include="Application\entity\player\state\fly\PlayerStateFlyMove.cpp">
      <Filter>Application\entity\player\state\fly</Filter>
    </ClCompile>
    <ClCompile Include="Application\entity\player\state\ground\PlayerStateIdle.cpp">
      <Filter>Application\entity\player\state\ground</Filter>
    </ClCompile>
    <ClCompile Include="Application\entity\player\state\ground\PlayerStateJump.cpp">
      <Filter>Application\entity\player\state\ground</Filter>
    </ClCompile>
    <ClCompile Include="Application\entity\player\state\ground\PlayerStateMove.cpp">
      <Filter>Application\entity\player\state\ground</Filter>
    </ClCompile>
    <ClCompile Include="application\entity\player\state\action\PlayerStateRush.cpp">
      <Filter>Application\entity\player\state\action</Filter>
    </ClCompile>
    <ClCompile Include="Application\entity\player\bullet\charge\ChargeShot.cpp">
      <Filter>Application\entity\player\bullet\charge</Filter>
    </ClCompile>
    <ClCompile Include="Application\entity\player\skill\MakanAttackSkill.cpp">
      <Filter>Application\entity\player\skill</Filter>
    </ClCompile>
    <ClCompile Include="application\utility\combo\ComboSystem.cpp">
      <Filter>Application\utility\combo</Filter>
    </ClCompile>
    <ClCompile Include="Application\utility\hitstop\HitStop.cpp">
      <Filter>Application\utility\hitstop</Filter>
    </ClCompile>
    <ClCompile Include="Engine\utility\edit\motion\MotionEditor.cpp">
      <Filter>Engine\utility\edit\motion</Filter>
    </ClCompile>
    <ClCompile Include="Application\utility\shake\Shake.cpp">
      <Filter>Application\utility\shake</Filter>
    </ClCompile>
    <ClCompile Include="Application\ui\enemy\EnemyUI.cpp">
      <Filter>Application\ui\enemy</Filter>
    </ClCompile>
    <ClCompile Include="Application\ui\scene\game\GameUI.cpp">
      <Filter>Application\ui\scene\game</Filter>
    </ClCompile>
    <ClCompile Include="Application\ui\scene\training\InputDisplayUI.cpp">
      <Filter>Application\ui\scene\training</Filter>
    </ClCompile>
    <ClCompile Include="Application\ui\player\PlayerUI.cpp">
      <Filter>Application\ui\player</Filter>
    </ClCompile>
    <ClCompile Include="Application\ui\scene\result\ResultUI.cpp">
      <Filter>Application\ui\scene\result</Filter>
    </ClCompile>
    <ClCompile Include="Application\ui\scene\title\TitleUI.cpp">
      <Filter>Application\ui\scene\title</Filter>
    </ClCompile>
    <ClCompile Include="Application\staging\death\DeathStaging.cpp">
      <Filter>Application\staging\death</Filter>
    </ClCompile>
    <ClCompile Include="Application\staging\result\ResultStaging.cpp">
      <Filter>Application\staging\result</Filter>
    </ClCompile>
    <ClCompile Include="Application\staging\transition\FadeOut.cpp">
      <Filter>Application\staging\transition</Filter>
    </ClCompile>
    <ClCompile Include="Application\scene\ClearScene.cpp">
      <Filter>Application\scene</Filter>
    </ClCompile>
    <ClCompile Include="Application\scene\DemoScene.cpp">
      <Filter>Application\scene</Filter>
    </ClCompile>
    <ClCompile Include="Application\scene\GameScene.cpp">
      <Filter>Application\scene</Filter>
    </ClCompile>
    <ClCompile Include="Application\scene\TrainingScene.cpp">
      <Filter>Application\scene</Filter>
    </ClCompile>
    <ClCompile Include="Application\scene\TitleScene.cpp">
      <Filter>Application\scene</Filter>
    </ClCompile>
    <ClCompile Include="Engine\2d\Sprite.cpp">
      <Filter>Engine\2d</Filter>
    </ClCompile>
    <ClCompile Include="Engine\2d\SpriteCommon.cpp">
      <Filter>Engine\2d</Filter>
    </ClCompile>
    <ClCompile Include="Engine\2d\SpriteManager.cpp">
      <Filter>Engine\2d</Filter>
    </ClCompile>
    <ClCompile Include="Engine\3d\animation\Animator.cpp">
      <Filter>Engine\3d\animation</Filter>
    </ClCompile>
    <ClCompile Include="Engine\3d\animation\AnimationController.cpp">
      <Filter>Engine\3d\animation</Filter>
    </ClCompile>
    <ClCompile Include="Engine\3d\animation\Bone.cpp">
      <Filter>Engine\3d\animation</Filter>
    </ClCompile>
    <ClCompile Include="Engine\3d\animation\ModelAnimation.cpp">
      <Filter>Engine\3d\animation</Filter>
    </ClCompile>
    <ClCompile Include="Engine\3d\animation\Skin.cpp">
      <Filter>Engine\3d\animation</Filter>
    </ClCompile>
    <ClCompile Include="Engine\3d\camera\follow\BaseFollowCamera.cpp">
      <Filter>Engine\3d\camera\follow</Filter>
    </ClCompile>
    <ClCompile Include="Engine\3d\camera\debug\DebugCamera.cpp">
      <Filter>Engine\3d\camera\debug</Filter>
    </ClCompile>
    <ClCompile Include="Engine\3d\camera\projection\ViewProjection.cpp">
      <Filter>Engine\3d\camera\projection</Filter>
    </ClCompile>
    <ClCompile Include="Engine\3d\light\LightGroup.cpp">
      <Filter>Engine\3d\light</Filter>
    </ClCompile>
    <ClCompile Include="Engine\3d\line\DrawLine3D.cpp">
      <Filter>Engine\3d\line</Filter>
    </ClCompile>
    <ClCompile Include="Engine\3d\model\Model.cpp">
      <Filter>Engine\3d\model</Filter>
    </ClCompile>
    <ClCompile Include="Engine\3d\model\ModelCommon.cpp">
      <Filter>Engine\3d\model</Filter>
    </ClCompile>
    <ClCompile Include="Engine\3d\model\material\Material.cpp">
      <Filter>Engine\3d\model\material</Filter>
    </ClCompile>
    <ClCompile Include="Engine\3d\model\mesh\Mesh.cpp">
      <Filter>Engine\3d\model\mesh</Filter>
    </ClCompile>
    <ClCompile Include="Engine\3d\object\Object3d.cpp">
      <Filter>Engine\3d\object</Filter>
    </ClCompile>
    <ClCompile Include="Engine\3d\object\Object3dCommon.cpp">
      <Filter>Engine\3d\object</Filter>
    </ClCompile>
    <ClCompile Include="Engine\3d\object\base\BaseObject.cpp">
      <Filter>Engine\3d\object\base</Filter>
    </ClCompile>
    <ClCompile Include="Engine\3d\object\base\BaseObjectManager.cpp">
      <Filter>Engine\3d\object\base</Filter>
    </ClCompile>
    <ClCompile Include="Engine\3d\particle\ParticleEditor.cpp">
      <Filter>Engine\3d\particle</Filter>
    </ClCompile>
    <ClCompile Include="Engine\3d\particle\ParticleEmitter.cpp">
      <Filter>Engine\3d\particle</Filter>
    </ClCompile>
    <ClCompile Include="Engine\3d\particle\ParticleGroup.cpp">
      <Filter>Engine\3d\particle</Filter>
    </ClCompile>
    <ClCompile Include="Engine\3d\particle\ParticleGroupManager.cpp">
      <Filter>Engine\3d\particle</Filter>
    </ClCompile>
    <ClCompile Include="Engine\3d\particle\ParticleManager.cpp">
      <Filter>Engine\3d\particle</Filter>
    </ClCompile>
    <ClCompile Include="Engine\3d\particle\ParticleStruct.cpp">
      <Filter>Engine\3d\particle</Filter>
    </ClCompile>
    <ClCompile Include="Engine\3d\particle\gpu\ParticleCSEditor.cpp">
      <Filter>Engine\3d\particle\gpu</Filter>
    </ClCompile>
    <ClCompile Include="Engine\3d\particle\gpu\ParticleCSEmitter.cpp">
      <Filter>Engine\3d\particle\gpu</Filter>
    </ClCompile>
    <ClCompile Include="Engine\3d\particle\gpu\ParticleCSGroup.cpp">
      <Filter>Engine\3d\particle\gpu</Filter>
    </ClCompile>
    <ClCompile Include="Engine\3d\particle\gpu\ParticleCSGroupManager.cpp">
      <Filter>Engine\3d\particle\gpu</Filter>
    </ClCompile>
    <ClCompile Include="Engine\3d\particle\ParticleCommon.cpp">
      <Filter>Engine\3d\particle</Filter>
    </ClCompile>
    <ClCompile Include="Engine\3d\primitive\PrimitiveModel.cpp">
      <Filter>Engine\3d\primitive</Filter>
    </ClCompile>
    <ClCompile Include="Application\entity\field\skydome\SkyDome.cpp">
      <Filter>Application\entity\field\skydome</Filter>
    </ClCompile>
    <ClCompile Include="Engine\3d\skybox\SkyBox.cpp">
      <Filter>Engine\3d\skybox</Filter>
    </ClCompile>
    <ClCompile Include="Engine\3d\transform\ObjColor.cpp">
      <Filter>Engine\3d\transform</Filter>
    </ClCompile>
    <ClCompile Include="Engine\3d\transform\WorldTransform.cpp">
      <Filter>Engine\3d\transform</Filter>
    </ClCompile>
    <ClCompile Include="Engine\audio\Audio.cpp">
      <Filter>Engine\audio</Filter>
    </ClCompile>
    <ClCompile Include="Engine\base\DirectXCommon.cpp">
      <Filter>Engine\base</Filter>
    </ClCompile>
    <ClCompile Include="Engine\utility\graphics\rtv\RtvManager.cpp">
      <Filter>Engine\utility\graphics\rtv</Filter>
    </ClCompile>
    <ClCompile Include="Engine\utility\graphics\dsv\DsvManager.cpp">
      <Filter>Engine\utility\graphics\dsv</Filter>
    </ClCompile>
    <ClCompile Include="Engine\core\Framework.cpp">
      <Filter>Engine\core</Filter>
    </ClCompile>
    <ClCompile Include="Application\SparkingFight.cpp">
      <Filter>Application</Filter>
    </ClCompile>
    <ClCompile Include="Engine\frame\Frame.cpp">
      <Filter>Engine\frame</Filter>
    </ClCompile>
    <ClCompile Include="Engine\input\GamePad.cpp">
      <Filter>Engine\input</Filter>
    </ClCompile>
    <ClCompile Include="Engine\input\Input.cpp">
      <Filter>Engine\input</Filter>
    </ClCompile>
    <ClCompile Include="Engine\input\Mouse.cpp">
      <Filter>Engine\input</Filter>
    </ClCompile>
    <ClCompile Include="Engine\math\Easing.cpp">
      <Filter>Engine\math</Filter>
    </ClCompile>
    <ClCompile Include="Engine\math\MyMath.cpp">
      <Filter>Engine\math</Filter>
    </ClCompile>
    <ClCompile Include="Engine\math\Random.cpp">
      <Filter>Engine\math</Filter>
    </ClCompile>
    <ClCompile Include="Engine\math\type\Quaternion.cpp">
      <Filter>Engine\math\type</Filter>
    </ClCompile>
    <ClCompile Include="Engine\offscreen\effect\PostEffectChain.cpp">
      <Filter>Engine\offscreen\effect</Filter>
    </ClCompile>
    <ClCompile Include="Engine\offscreen\effect\PostEffectDataManager.cpp">
      <Filter>Engine\offscreen\effect</Filter>
    </ClCompile>
    <ClCompile Include="Engine\offscreen\effect\PostEffectParameters.cpp">
      <Filter>Engine\offscreen\effect</Filter>
    </ClCompile>
    <ClCompile Include="Engine\offscreen\effect\PostEffectRenderer.cpp">
      <Filter>Engine\offscreen\effect</Filter>
    </ClCompile>
    <ClCompile Include="Engine\offscreen\OffScreen.cpp">
      <Filter>Engine\offscreen</Filter>
    </ClCompile>
    <ClCompile Include="Engine\offscreen\RendererBuffer.cpp">
      <Filter>Engine\offscreen</Filter>
    </ClCompile>
    <ClCompile Include="Engine\scene\BaseScene.cpp">
      <Filter>Engine\scene</Filter>
    </ClCompile>
    <ClCompile Include="Engine\utility\collider\ColliderBase.cpp">
      <Filter>Engine\utility\collider</Filter>
    </ClCompile>
    <ClCompile Include="Engine\utility\collider\ColliderTagManager.cpp">
      <Filter>Engine\utility\collider</Filter>
    </ClCompile>
    <ClCompile Include="Engine\utility\collider\CollisionManager.cpp">
      <Filter>Engine\utility\collider</Filter>
    </ClCompile>
    <ClCompile Include="Engine\utility\collider\type\AABBCollider.cpp">
      <Filter>Engine\utility\collider\type</Filter>
    </ClCompile>
    <ClCompile Include="Engine\utility\collider\type\SphereCollider.cpp">
      <Filter>Engine\utility\collider\type</Filter>
    </ClCompile>
    <ClCompile Include="Engine\utility\collider\type\OBBCollider.cpp">
      <Filter>Engine\utility\collider\type</Filter>
    </ClCompile>
    <ClCompile Include="Engine\utility\data\DataHandler.cpp">
      <Filter>Engine\utility\data</Filter>
    </ClCompile>
    <ClCompile Include="Engine\utility\debug\imgui\ImGuiManager.cpp">
      <Filter>Engine\utility\debug\imgui</Filter>
    </ClCompile>
    <ClCompile Include="Engine\utility\debug\imgui\ImGuizmoManager.cpp">
      <Filter>Engine\utility\debug\imgui</Filter>
    </ClCompile>
    <ClCompile Include="Engine\utility\debug\log\Logger.cpp">
      <Filter>Engine\utility\debug\log</Filter>
    </ClCompile>
    <ClCompile Include="Engine\utility\debug\leak\D3DResourceLeakChecker.cpp">
      <Filter>Engine\utility\debug\leak</Filter>
    </ClCompile>
    <ClCompile Include="Engine\utility\edit\LevelData.cpp">
      <Filter>Engine\utility\edit</Filter>
    </ClCompile>
    <ClCompile Include="Engine\utility\edit\shortcut\ShortcutManager.cpp">
      <Filter>Engine\utility\edit\shortcut</Filter>
    </ClCompile>
    <ClCompile Include="Engine\utility\graphics\model\ModelManager.cpp">
      <Filter>Engine\utility\graphics\model</Filter>
    </ClCompile>
    <ClCompile Include="Engine\utility\graphics\pipeline\ComputePipelineManager.cpp">
      <Filter>Engine\utility\graphics\pipeline</Filter>
    </ClCompile>
    <ClCompile Include="Engine\utility\graphics\pipeline\PipelineManager.cpp">
      <Filter>Engine\utility\graphics\pipeline</Filter>
    </ClCompile>
    <ClCompile Include="Engine\utility\graphics\srv\SrvManager.cpp">
      <Filter>Engine\utility\graphics\srv</Filter>
    </ClCompile>
    <ClCompile Include="Engine\utility\graphics\texture\TextureManager.cpp">
      <Filter>Engine\utility\graphics\texture</Filter>
    </ClCompile>
    <ClCompile Include="Engine\utility\loader\csv\CsvLoad.cpp">
      <Filter>Engine\utility\loader\csv</Filter>
    </ClCompile>
    <ClCompile Include="Engine\utility\scene\SceneManager.cpp">
      <Filter>Engine\utility\scene</Filter>
    </ClCompile>
    <ClCompile Include="Engine\utility\scene\SceneTransition.cpp">
      <Filter>Engine\utility\scene</Filter>
    </ClCompile>
    <ClCompile Include="Engine\utility\browser\ShowFolder.cpp">
      <Filter>Engine\utility\browser</Filter>
    </ClCompile>
    <ClCompile Include="Engine\utility\string\StringUtility.cpp">
      <Filter>Engine\utility\string</Filter>
    </ClCompile>
    <ClCompile Include="externals\imgui\imgui.cpp">
      <Filter>Externals\imgui</Filter>
    </ClCompile>
    <ClCompile Include="externals\imgui\imgui_demo.cpp">
      <Filter>Externals\imgui</Filter>
    </ClCompile>
    <ClCompile Include="externals\imgui\imgui_draw.cpp">
      <Filter>Externals\imgui</Filter>
    </ClCompile>
    <ClCompile Include="externals\imgui\imgui_impl_dx12.cpp">
      <Filter>Externals\imgui</Filter>
    </ClCompile>
    <ClCompile Include="externals\imgui\imgui_impl_win32.cpp">
      <Filter>Externals\imgui</Filter>
    </ClCompile>
    <ClCompile Include="externals\imgui\imgui_tables.cpp">
      <Filter>Externals\imgui</Filter>
    </ClCompile>
    <ClCompile Include="externals\imgui\imgui_widgets.cpp">
      <Filter>Externals\imgui</Filter>
    </ClCompile>
    <ClCompile Include="externals\imgui\ImGuizmo.cpp">
      <Filter>Externals\imgui</Filter>
    </ClCompile>
    <ClCompile Include="Application\entity\behavior\node\BehaviorNode.cpp">
      <Filter>Application\entity\behavior\node</Filter>
    </ClCompile>
    <ClCompile Include="Application\entity\behavior\editor\BehaviorTreeEditor.cpp">
      <Filter>Application\entity\behavior\editor</Filter>
    </ClCompile>
    <ClCompile Include="Application\entity\enemy\bullet\EnemyBullet.cpp" />
    <ClCompile Include="Engine\3d\particle\gpu\ParticleCSFieldManager.cpp" />
    <ClCompile Include="Engine\utility\collider\type\CylinderCollider.cpp" />
    <ClCompile Include="Application\entity\field\around\AroundField.cpp" />
    <ClCompile Include="Application\entity\player\collider\PlayerAttackCollider.cpp" />
    <ClCompile Include="Application\scene\TutorialScene.cpp" />
    <ClCompile Include="Application\system\tutorial\TutorialSystem.cpp" />
    <ClCompile Include="Application\ui\tutorial\TutorialUI.cpp" />
    <ClCompile Include="Application\entity\enemy\collider\EnemyAttackCollider.cpp" />
    <ClCompile Include="Engine\offscreen\effect\PostEffectParamsImpl.cpp" />
    <ClCompile Include="Application\entity\player\state\action\PlayerStateGuard.cpp" />
    <ClCompile Include="Application\entity\player\state\base\PlayerBaseState.cpp" />
    <ClCompile Include="Engine\2d\text\TextRenderer.cpp" />
    <ClCompile Include="Engine\utility\debug\imgui\ImGuiNotification.cpp" />
    <ClCompile Include="Engine\3d\shadow\ShadowMap.cpp" />
    <ClCompile Include="Engine\render\DrawSystem.cpp" />
    <ClCompile Include="Engine\utility\collider\type\MeshCollider.cpp" />
    <ClCompile Include="externals\imgui\ImGradient.cpp" />
    <ClCompile Include="externals\imgui\ImCurveEdit.cpp" />
    <ClCompile Include="Engine\utility\debug\profiler\GpuProfiler.cpp" />
    <ClCompile Include="Engine\utility\debug\profiler\CpuProfiler.cpp" />
    <ClCompile Include="Engine\base\window\WinApp.cpp" />
    <ClCompile Include="Engine\base\swapchain\DXSwapChain.cpp" />
    <ClCompile Include="Engine\base\shader\ShaderCompiler.cpp" />
    <ClCompile Include="Engine\base\resource\ResourceFactory.cpp" />
    <ClCompile Include="Engine\base\frame\FrameRateLimiter.cpp" />
    <ClCompile Include="Engine\base\device\DXDevice.cpp" />
    <ClCompile Include="Engine\base\command\DXCommandList.cpp" />
    <ClCompile Include="Engine\base\command\DXCommandQueue.cpp" />
  </ItemGroup>
  <ItemGroup>
    <ClInclude Include="externals\imgui\imconfig.h" />
    <ClInclude Include="resource.h" />
    <ClInclude Include="Application\camera\death\DeathCamera.h">
      <Filter>Application\camera</Filter>
    </ClInclude>
    <ClInclude Include="Application\camera\follow\FollowCamera.h">
      <Filter>Application\camera</Filter>
    </ClInclude>
    <ClInclude Include="Application\camera\follow\parts\CameraLockOn.h">
      <Filter>Application\camera\parts</Filter>
    </ClInclude>
    <ClInclude Include="Application\camera\follow\parts\CameraRush.h">
      <Filter>Application\camera\parts</Filter>
    </ClInclude>
    <ClInclude Include="Application\camera\follow\parts\CameraSkillCutscene.h">
      <Filter>Application\camera\parts</Filter>
    </ClInclude>
    <ClInclude Include="Application\camera\start\StartCamera.h">
      <Filter>Application\camera</Filter>
    </ClInclude>
    <ClInclude Include="Application\entity\enemy\Enemy.h">
      <Filter>Application\entity\enemy\behavior</Filter>
    </ClInclude>
    <ClInclude Include="Application\entity\enemy\parts\EnemyCombat.h">
      <Filter>Application\entity\enemy\parts</Filter>
    </ClInclude>
    <ClInclude Include="Application\entity\enemy\parts\EnemyMovement.h">
      <Filter>Application\entity\enemy\parts</Filter>
    </ClInclude>
    <ClInclude Include="Application\entity\enemy\parts\EnemyStatus.h">
      <Filter>Application\entity\enemy\parts</Filter>
    </ClInclude>
    <ClInclude Include="Application\entity\enemy\parts\EnemyVisual.h">
      <Filter>Application\entity\enemy\parts</Filter>
    </ClInclude>
    <ClInclude Include="Application\entity\field\ground\Ground.h">
      <Filter>Application\entity\field\ground</Filter>
    </ClInclude>
    <ClInclude Include="Application\entity\player\Player.h">
      <Filter>Application\entity\player</Filter>
    </ClInclude>
    <ClInclude Include="Application\entity\player\parts\PlayerCombat.h">
      <Filter>Application\entity\player\parts</Filter>
    </ClInclude>
    <ClInclude Include="Application\entity\player\parts\PlayerMovement.h">
      <Filter>Application\entity\player\parts</Filter>
    </ClInclude>
    <ClInclude Include="Application\entity\player\parts\PlayerStatus.h">
      <Filter>Application\entity\player\parts</Filter>
    </ClInclude>
    <ClInclude Include="Application\entity\player\parts\PlayerVisual.h">
      <Filter>Application\entity\player\parts</Filter>
    </ClInclude>
    <ClInclude Include="Application\utility\cutscene\SkillCutscene.h">
      <Filter>Application\utility\cutscene</Filter>
    </ClInclude>
    <ClInclude Include="Engine\utility\debug\param\GameParamHub.h">
      <Filter>Engine\utility\debug\param</Filter>
    </ClInclude>
    <ClInclude Include="Application\entity\player\PlayerData.h">
      <Filter>Application\entity\player</Filter>
    </ClInclude>
    <ClInclude Include="Application\entity\player\bullet\PlayerBullet.h">
      <Filter>Application\entity\player\bullet</Filter>
    </ClInclude>
    <ClInclude Include="Application\entity\player\state\base\PlayerBaseState.h">
      <Filter>Application\entity\player\state\base</Filter>
    </ClInclude>
    <ClInclude Include="Application\entity\player\state\action\PlayerEnergyCharge.h">
      <Filter>Application\entity\player\state\action</Filter>
    </ClInclude>
    <ClInclude Include="Application\entity\player\state\air\PlayerStateAir.h">
      <Filter>Application\entity\player\state\air</Filter>
    </ClInclude>
    <ClInclude Include="Application\entity\player\state\fly\PlayerStateFlyIdle.h">
      <Filter>Application\entity\player\state\fly</Filter>
    </ClInclude>
    <ClInclude Include="Application\entity\player\state\fly\PlayerStateFlyMove.h">
      <Filter>Application\entity\player\state\fly</Filter>
    </ClInclude>
    <ClInclude Include="Application\entity\player\state\ground\PlayerStateIdle.h">
      <Filter>Application\entity\player\state\ground</Filter>
    </ClInclude>
    <ClInclude Include="Application\entity\player\state\ground\PlayerStateJump.h">
      <Filter>Application\entity\player\state\ground</Filter>
    </ClInclude>
    <ClInclude Include="Application\entity\player\state\ground\PlayerStateMove.h">
      <Filter>Application\entity\player\state\ground</Filter>
    </ClInclude>
    <ClInclude Include="application\entity\player\state\action\PlayerStateRush.h">
      <Filter>Application\entity\player\state\action</Filter>
    </ClInclude>
    <ClInclude Include="Application\entity\player\bullet\charge\ChargeShot.h">
      <Filter>Application\entity\player\bullet\charge</Filter>
    </ClInclude>
    <ClInclude Include="Application\entity\player\skill\MakanAttackSkill.h">
      <Filter>Application\entity\player\skill</Filter>
    </ClInclude>
    <ClInclude Include="application\utility\combo\ComboSystem.h">
      <Filter>Application\utility\combo</Filter>
    </ClInclude>
    <ClInclude Include="Application\utility\hitstop\HitStop.h">
      <Filter>Application\utility\hitstop</Filter>
    </ClInclude>
    <ClInclude Include="Engine\utility\edit\motion\MotionEditor.h">
      <Filter>Engine\utility\edit\motion</Filter>
    </ClInclude>
    <ClInclude Include="Application\utility\shake\Shake.h">
      <Filter>Application\utility\shake</Filter>
    </ClInclude>
    <ClInclude Include="Application\ui\enemy\EnemyUI.h">
      <Filter>Application\ui\enemy</Filter>
    </ClInclude>
    <ClInclude Include="Application\ui\scene\game\GameUI.h">
      <Filter>Application\ui\scene\game</Filter>
    </ClInclude>
    <ClInclude Include="Application\ui\scene\training\InputDisplayUI.h">
      <Filter>Application\ui\scene\training</Filter>
    </ClInclude>
    <ClInclude Include="Application\ui\player\PlayerUI.h">
      <Filter>Application\ui\player</Filter>
    </ClInclude>
    <ClInclude Include="Application\ui\scene\result\ResultUI.h">
      <Filter>Application\ui\scene\result</Filter>
    </ClInclude>
    <ClInclude Include="Application\ui\scene\title\TitleUI.h">
      <Filter>Application\ui\scene\title</Filter>
    </ClInclude>
    <ClInclude Include="Application\staging\death\DeathStaging.h">
      <Filter>Application\staging\death</Filter>
    </ClInclude>
    <ClInclude Include="Application\staging\result\ResultStaging.h">
      <Filter>Application\staging\result</Filter>
    </ClInclude>
    <ClInclude Include="Application\staging\transition\FadeOut.h">
      <Filter>Application\staging\transition</Filter>
    </ClInclude>
    <ClInclude Include="Application\scene\ClearScene.h">
      <Filter>Application\scene</Filter>
    </ClInclude>
    <ClInclude Include="Application\scene\DemoScene.h">
      <Filter>Application\scene</Filter>
    </ClInclude>
    <ClInclude Include="Application\scene\GameScene.h">
      <Filter>Application\scene</Filter>
    </ClInclude>
    <ClInclude Include="Application\scene\TrainingScene.h">
      <Filter>Application\scene</Filter>
    </ClInclude>
    <ClInclude Include="Application\scene\TitleScene.h">
      <Filter>Application\scene</Filter>
    </ClInclude>
    <ClInclude Include="Engine\2d\Sprite.h">
      <Filter>Engine\2d</Filter>
    </ClInclude>
    <ClInclude Include="Engine\2d\SpriteCommon.h">
      <Filter>Engine\2d</Filter>
    </ClInclude>
    <ClInclude Include="Engine\2d\SpriteManager.h">
      <Filter>Engine\2d</Filter>
    </ClInclude>
    <ClInclude Include="Engine\2d\SpriteStruct.h">
      <Filter>Engine\2d</Filter>
    </ClInclude>
    <ClInclude Include="Engine\3d\animation\Animator.h">
      <Filter>Engine\3d\animation</Filter>
    </ClInclude>
    <ClInclude Include="Engine\3d\animation\AnimationController.h">
      <Filter>Engine\3d\animation</Filter>
    </ClInclude>
    <ClInclude Include="Engine\3d\animation\Bone.h">
      <Filter>Engine\3d\animation</Filter>
    </ClInclude>
    <ClInclude Include="Engine\3d\animation\ModelAnimation.h">
      <Filter>Engine\3d\animation</Filter>
    </ClInclude>
    <ClInclude Include="Engine\3d\animation\Skin.h">
      <Filter>Engine\3d\animation</Filter>
    </ClInclude>
    <ClInclude Include="Engine\3d\camera\follow\BaseFollowCamera.h">
      <Filter>Engine\3d\camera\follow</Filter>
    </ClInclude>
    <ClInclude Include="Engine\3d\camera\debug\DebugCamera.h">
      <Filter>Engine\3d\camera\debug</Filter>
    </ClInclude>
    <ClInclude Include="Engine\3d\camera\projection\ViewProjection.h">
      <Filter>Engine\3d\camera\projection</Filter>
    </ClInclude>
    <ClInclude Include="Engine\3d\light\LightGroup.h">
      <Filter>Engine\3d\light</Filter>
    </ClInclude>
    <ClInclude Include="Engine\3d\line\DrawLine3D.h">
      <Filter>Engine\3d\line</Filter>
    </ClInclude>
    <ClInclude Include="Engine\3d\model\Model.h">
      <Filter>Engine\3d\model</Filter>
    </ClInclude>
    <ClInclude Include="Engine\3d\model\ModelCommon.h">
      <Filter>Engine\3d\model</Filter>
    </ClInclude>
    <ClInclude Include="Engine\3d\model\ModelStructs.h">
      <Filter>Engine\3d\model</Filter>
    </ClInclude>
    <ClInclude Include="Engine\3d\model\material\Material.h">
      <Filter>Engine\3d\model\material</Filter>
    </ClInclude>
    <ClInclude Include="Engine\3d\model\mesh\Mesh.h">
      <Filter>Engine\3d\model\mesh</Filter>
    </ClInclude>
    <ClInclude Include="Engine\3d\object\Object3d.h">
      <Filter>Engine\3d\object</Filter>
    </ClInclude>
    <ClInclude Include="Engine\3d\object\Object3dCommon.h">
      <Filter>Engine\3d\object</Filter>
    </ClInclude>
    <ClInclude Include="Engine\3d\object\base\BaseObject.h">
      <Filter>Engine\3d\object\base</Filter>
    </ClInclude>
    <ClInclude Include="Engine\3d\object\base\BaseObjectManager.h">
      <Filter>Engine\3d\object\base</Filter>
    </ClInclude>
    <ClInclude Include="Engine\3d\particle\ParticleEditor.h">
      <Filter>Engine\3d\particle</Filter>
    </ClInclude>
    <ClInclude Include="Engine\3d\particle\ParticleEmitter.h">
      <Filter>Engine\3d\particle</Filter>
    </ClInclude>
    <ClInclude Include="Engine\3d\particle\ParticleGroup.h">
      <Filter>Engine\3d\particle</Filter>
    </ClInclude>
    <ClInclude Include="Engine\3d\particle\ParticleGroupManager.h">
      <Filter>Engine\3d\particle</Filter>
    </ClInclude>
    <ClInclude Include="Engine\3d\particle\ParticleManager.h">
      <Filter>Engine\3d\particle</Filter>
    </ClInclude>
    <ClInclude Include="Engine\3d\particle\ParticleStruct.h">
      <Filter>Engine\3d\particle</Filter>
    </ClInclude>
    <ClInclude Include="Engine\3d\particle\gpu\ParticleCSEditor.h">
      <Filter>Engine\3d\particle\gpu</Filter>
    </ClInclude>
    <ClInclude Include="Engine\3d\particle\gpu\ParticleCSEmitter.h">
      <Filter>Engine\3d\particle\gpu</Filter>
    </ClInclude>
    <ClInclude Include="Engine\3d\particle\gpu\ParticleCSGroup.h">
      <Filter>Engine\3d\particle\gpu</Filter>
    </ClInclude>
    <ClInclude Include="Engine\3d\particle\gpu\ParticleCSGroupManager.h">
      <Filter>Engine\3d\particle\gpu</Filter>
    </ClInclude>
    <ClInclude Include="Engine\3d\particle\ParticleCommon.h">
      <Filter>Engine\3d\particle</Filter>
    </ClInclude>
    <ClInclude Include="Engine\3d\primitive\PrimitiveModel.h">
      <Filter>Engine\3d\primitive</Filter>
    </ClInclude>
    <ClInclude Include="Application\entity\field\skydome\SkyDome.h">
      <Filter>Application\entity\field\skydome</Filter>
    </ClInclude>
    <ClInclude Include="Engine\3d\skybox\SkyBox.h">
      <Filter>Engine\3d\skybox</Filter>
    </ClInclude>
    <ClInclude Include="Engine\3d\transform\ObjColor.h">
      <Filter>Engine\3d\transform</Filter>
    </ClInclude>
    <ClInclude Include="Engine\3d\transform\WorldTransform.h">
      <Filter>Engine\3d\transform</Filter>
    </ClInclude>
    <ClInclude Include="Engine\audio\Audio.h">
      <Filter>Engine\audio</Filter>
    </ClInclude>
    <ClInclude Include="Engine\utility\graphics\rtv\RtvManager.h">
      <Filter>Engine\utility\graphics\rtv</Filter>
    </ClInclude>
    <ClInclude Include="Engine\utility\graphics\dsv\DsvManager.h">
      <Filter>Engine\utility\graphics\dsv</Filter>
    </ClInclude>
    <ClInclude Include="Engine\base\DirectXCommon.h">
      <Filter>Engine\base</Filter>
    </ClInclude>
    <ClInclude Include="Engine\core\Framework.h">
      <Filter>Engine\core</Filter>
    </ClInclude>
    <ClInclude Include="Application\SparkingFight.h">
      <Filter>Application</Filter>
    </ClInclude>
    <ClInclude Include="Engine\frame\Frame.h">
      <Filter>Engine\frame</Filter>
    </ClInclude>
    <ClInclude Include="Engine\input\GamePad.h">
      <Filter>Engine\input</Filter>
    </ClInclude>
    <ClInclude Include="Engine\input\Input.h">
      <Filter>Engine\input</Filter>
    </ClInclude>
    <ClInclude Include="Engine\input\Mouse.h">
      <Filter>Engine\input</Filter>
    </ClInclude>
    <ClInclude Include="Engine\math\Easing.h">
      <Filter>Engine\math</Filter>
    </ClInclude>
    <ClInclude Include="Engine\math\MyMath.h">
      <Filter>Engine\math</Filter>
    </ClInclude>
    <ClInclude Include="Engine\math\Random.h">
      <Filter>Engine\math</Filter>
    </ClInclude>
    <ClInclude Include="Engine\math\type\Vector2.h">
      <Filter>Engine\math\type</Filter>
    </ClInclude>
    <ClInclude Include="Engine\math\type\Vector3.h">
      <Filter>Engine\math\type</Filter>
    </ClInclude>
    <ClInclude Include="Engine\math\type\Vector4.h">
      <Filter>Engine\math\type</Filter>
    </ClInclude>
    <ClInclude Include="Engine\math\type\Quaternion.h">
      <Filter>Engine\math\type</Filter>
    </ClInclude>
    <ClInclude Include="Engine\math\type\Matrix3x3.h">
      <Filter>Engine\math\type</Filter>
    </ClInclude>
    <ClInclude Include="Engine\math\type\Matrix4x4.h">
      <Filter>Engine\math\type</Filter>
    </ClInclude>
    <ClInclude Include="Engine\offscreen\effect\PostEffectChain.h">
      <Filter>Engine\offscreen\effect</Filter>
    </ClInclude>
    <ClInclude Include="Engine\offscreen\effect\PostEffectDataManager.h">
      <Filter>Engine\offscreen\effect</Filter>
    </ClInclude>
    <ClInclude Include="Engine\offscreen\effect\PostEffectParameters.h">
      <Filter>Engine\offscreen\effect</Filter>
    </ClInclude>
    <ClInclude Include="Engine\offscreen\effect\PostEffectRenderer.h">
      <Filter>Engine\offscreen\effect</Filter>
    </ClInclude>
    <ClInclude Include="Engine\offscreen\OffScreen.h">
      <Filter>Engine\offscreen</Filter>
    </ClInclude>
    <ClInclude Include="Engine\offscreen\RendererBuffer.h">
      <Filter>Engine\offscreen</Filter>
    </ClInclude>
    <ClInclude Include="Engine\scene\BaseScene.h">
      <Filter>Engine\scene</Filter>
    </ClInclude>
    <ClInclude Include="Engine\utility\collider\ColliderBase.h">
      <Filter>Engine\utility\collider</Filter>
    </ClInclude>
    <ClInclude Include="Engine\utility\collider\ColliderTagManager.h">
      <Filter>Engine\utility\collider</Filter>
    </ClInclude>
    <ClInclude Include="Engine\utility\collider\CollisionManager.h">
      <Filter>Engine\utility\collider</Filter>
    </ClInclude>
    <ClInclude Include="Engine\utility\collider\type\AABBCollider.h">
      <Filter>Engine\utility\collider\type</Filter>
    </ClInclude>
    <ClInclude Include="Engine\utility\collider\type\SphereCollider.h">
      <Filter>Engine\utility\collider\type</Filter>
    </ClInclude>
    <ClInclude Include="Engine\utility\collider\type\OBBCollider.h">
      <Filter>Engine\utility\collider\type</Filter>
    </ClInclude>
    <ClInclude Include="Engine\utility\data\DataHandler.h">
      <Filter>Engine\utility\data</Filter>
    </ClInclude>
    <ClInclude Include="Engine\utility\debug\imgui\ImGuiManager.h">
      <Filter>Engine\utility\debug\imgui</Filter>
    </ClInclude>
    <ClInclude Include="Engine\utility\debug\imgui\ImGuizmoManager.h">
      <Filter>Engine\utility\debug\imgui</Filter>
    </ClInclude>
    <ClInclude Include="Engine\utility\debug\log\Logger.h">
      <Filter>Engine\utility\debug\log</Filter>
    </ClInclude>
    <ClInclude Include="Engine\utility\debug\leak\D3DResourceLeakChecker.h">
      <Filter>Engine\utility\debug\leak</Filter>
    </ClInclude>
    <ClInclude Include="Engine\utility\edit\LevelData.h">
      <Filter>Engine\utility\edit</Filter>
    </ClInclude>
    <ClInclude Include="Engine\utility\edit\shortcut\ShortcutManager.h">
      <Filter>Engine\utility\edit\shortcut</Filter>
    </ClInclude>
    <ClInclude Include="Engine\utility\graphics\model\ModelManager.h">
      <Filter>Engine\utility\graphics\model</Filter>
    </ClInclude>
    <ClInclude Include="Engine\utility\graphics\pipeline\ComputePipelineManager.h">
      <Filter>Engine\utility\graphics\pipeline</Filter>
    </ClInclude>
    <ClInclude Include="Engine\utility\graphics\pipeline\PipelineManager.h">
      <Filter>Engine\utility\graphics\pipeline</Filter>
    </ClInclude>
    <ClInclude Include="Engine\utility\graphics\srv\SrvManager.h">
      <Filter>Engine\utility\graphics\srv</Filter>
    </ClInclude>
    <ClInclude Include="Engine\utility\graphics\texture\TextureManager.h">
      <Filter>Engine\utility\graphics\texture</Filter>
    </ClInclude>
    <ClInclude Include="Engine\utility\loader\csv\CsvLoad.h">
      <Filter>Engine\utility\loader\csv</Filter>
    </ClInclude>
    <ClInclude Include="Engine\utility\scene\SceneManager.h">
      <Filter>Engine\utility\scene</Filter>
    </ClInclude>
    <ClInclude Include="Engine\utility\scene\SceneRegistry.h">
      <Filter>Engine\utility\scene</Filter>
    </ClInclude>
    <ClInclude Include="Engine\utility\scene\SceneTransition.h">
      <Filter>Engine\utility\scene</Filter>
    </ClInclude>
    <ClInclude Include="Engine\utility\browser\ShowFolder.h">
      <Filter>Engine\utility\browser</Filter>
    </ClInclude>
    <ClInclude Include="Engine\utility\string\StringUtility.h">
      <Filter>Engine\utility\string</Filter>
    </ClInclude>
    <ClInclude Include="externals\imgui\imgui.h">
      <Filter>Externals\imgui</Filter>
    </ClInclude>
    <ClInclude Include="externals\imgui\imgui_impl_dx12.h">
      <Filter>Externals\imgui</Filter>
    </ClInclude>
    <ClInclude Include="externals\imgui\imgui_impl_win32.h">
      <Filter>Externals\imgui</Filter>
    </ClInclude>
    <ClInclude Include="externals\imgui\imgui_internal.h">
      <Filter>Externals\imgui</Filter>
    </ClInclude>
    <ClInclude Include="externals\imgui\ImGuizmo.h">
      <Filter>Externals\imgui</Filter>
    </ClInclude>
    <ClInclude Include="externals\imgui\imstb_rectpack.h">
      <Filter>Externals\imgui</Filter>
    </ClInclude>
    <ClInclude Include="externals\imgui\imstb_textedit.h">
      <Filter>Externals\imgui</Filter>
    </ClInclude>
    <ClInclude Include="externals\imgui\imstb_truetype.h">
      <Filter>Externals\imgui</Filter>
    </ClInclude>
    <ClInclude Include="Application\entity\behavior\node\BehaviorNode.h">
      <Filter>Application\entity\behavior\node</Filter>
    </ClInclude>
    <ClInclude Include="Application\entity\behavior\editor\BehaviorTreeEditor.h">
      <Filter>Application\entity\behavior\editor</Filter>
    </ClInclude>
    <ClInclude Include="Engine\utility\debug\imgui\DebugUIHelper.h">
      <Filter>Engine\utility\debug\imgui</Filter>
    </ClInclude>
    <ClInclude Include="Application\entity\enemy\bullet\EnemyBullet.h" />
    <ClInclude Include="Engine\3d\particle\gpu\ParticleCSFieldManager.h" />
    <ClInclude Include="Engine\3d\particle\gpu\ParticleCSFieldSettingOverride.h" />
    <ClInclude Include="Engine\utility\collider\type\CylinderCollider.h" />
    <ClInclude Include="Application\entity\field\around\AroundField.h" />
    <ClInclude Include="Application\entity\player\collider\PlayerAttackCollider.h" />
    <ClInclude Include="Application\scene\TutorialScene.h" />
    <ClInclude Include="Application\system\tutorial\TutorialSystem.h" />
    <ClInclude Include="Application\ui\tutorial\TutorialUI.h" />
    <ClInclude Include="Application\entity\enemy\collider\EnemyAttackCollider.h" />
    <ClInclude Include="Engine\offscreen\effect\IPostEffectParams.h" />
    <ClInclude Include="Engine\offscreen\effect\PostEffectParamsFactory.h" />
    <ClInclude Include="Engine\offscreen\effect\PostEffectParamsImpl.h" />
    <ClInclude Include="Application\entity\player\state\action\PlayerStateGuard.h" />
    <ClInclude Include="Engine\2d\text\TextRenderer.h" />
    <ClInclude Include="Engine\utility\debug\imgui\ImGuiNotification.h" />
    <ClInclude Include="Engine\render\DrawSystem.h" />
    <ClInclude Include="Engine\utility\collider\type\MeshCollider.h" />
    <ClInclude Include="Engine\utility\debug\profiler\GpuProfiler.h" />
    <ClInclude Include="Engine\utility\debug\profiler\CpuProfiler.h" />
    <ClInclude Include="Engine\base\window\WinApp.h" />
    <ClInclude Include="Engine\base\swapchain\DXSwapChain.h" />
    <ClInclude Include="Engine\base\shader\ShaderCompiler.h" />
    <ClInclude Include="Engine\base\resource\ResourceFactory.h" />
    <ClInclude Include="Engine\base\frame\FrameRateLimiter.h" />
    <ClInclude Include="Engine\base\device\DXDevice.h" />
    <ClInclude Include="Engine\base\command\DXCommandList.h" />
    <ClInclude Include="Engine\base\command\DXCommandQueue.h" />
    <ClInclude Include="Engine\utility\asset\AssetPath.h" />
    <ClInclude Include="Engine\utility\debug\imgui\AssetDragDrop.h" />
  </ItemGroup>
  <ItemGroup>
    <ResourceCompile Include="Hagine.rc" />
  </ItemGroup>
  <ItemGroup>
    <None Include=".editorconfig" />
    <None Include=".gitattributes" />
    <None Include=".gitignore" />
    <None Include="README.md" />
    <None Include="Engine\EngineAssets\shaders\offscreen\FullScreen.hlsli" />
    <None Include="Engine\EngineAssets\shaders\line\Line3d.hlsli" />
    <None Include="Engine\EngineAssets\shaders\object\Object3d.hlsli" />
    <None Include="Engine\EngineAssets\shaders\particle\Particle.hlsli" />
    <None Include="Engine\EngineAssets\shaders\particle\Particle.VS.hlsl" />
    <None Include="Engine\EngineAssets\shaders\Random\Random.hlsli" />
    <None Include="Engine\EngineAssets\shaders\Skinning\Skinning.hlsli" />
    <None Include="Engine\EngineAssets\shaders\Skybox\Skybox.hlsli" />
    <None Include="Engine\EngineAssets\shaders\Sprite\Sprite.hlsli" />
  </ItemGroup>
  <ItemGroup>
    <Filter Include="Engine">
      <UniqueIdentifier>{dcc764a6-5f57-492d-8783-600ae91c83a9}</UniqueIdentifier>
    </Filter>
    <Filter Include="Application">
      <UniqueIdentifier>{42f2262f-29c4-4912-957b-8440f067ea2c}</UniqueIdentifier>
    </Filter>
    <Filter Include="Externals">
      <UniqueIdentifier>{1c323e53-2ff7-4c83-99ab-373e4dedf576}</UniqueIdentifier>
    </Filter>
    <Filter Include="Application\camera">
      <UniqueIdentifier>{4e00fe5a-70fa-4f1a-a437-17c009c250df}</UniqueIdentifier>
    </Filter>
    <Filter Include="Application\camera\parts">
      <UniqueIdentifier>{d4e5f6a7-8b9c-4d0e-9f1a-2b3c4d5e6f70}</UniqueIdentifier>
    </Filter>
    <Filter Include="Application\entity">
      <UniqueIdentifier>{a72003a5-7881-4be7-ac0f-c01c38bf6151}</UniqueIdentifier>
    </Filter>
    <Filter Include="Application\scene">
      <UniqueIdentifier>{11af08ee-90aa-449b-b28f-ef2c9011e0b1}</UniqueIdentifier>
    </Filter>
    <Filter Include="Application\staging">
      <UniqueIdentifier>{c6f87085-c0a1-4aa3-b4d5-3f47e98d5cce}</UniqueIdentifier>
    </Filter>
    <Filter Include="Application\ui">
      <UniqueIdentifier>{d3d161d5-e0be-4d58-894b-50df03afc889}</UniqueIdentifier>
    </Filter>
    <Filter Include="Application\utility">
      <UniqueIdentifier>{348e9bc3-d0ce-473a-b132-62cf3e8afe55}</UniqueIdentifier>
    </Filter>
    <Filter Include="Application\entity\enemy">
      <UniqueIdentifier>{b527691d-dbf5-43f4-9914-dfcf44b3aa08}</UniqueIdentifier>
    </Filter>
    <Filter Include="Application\entity\enemy\parts">
      <UniqueIdentifier>{c3d4e5f6-7a8b-4c9d-8e0f-1a2b3c4d5e6f}</UniqueIdentifier>
    </Filter>
    <Filter Include="Application\entity\field">
      <UniqueIdentifier>{4d2ac09c-f0a4-4725-a8f3-2e6e4391ef73}</UniqueIdentifier>
    </Filter>
    <Filter Include="Application\entity\player">
      <UniqueIdentifier>{ff963661-9fa1-48a9-aae9-dcf6b0380edb}</UniqueIdentifier>
    </Filter>
    <Filter Include="Application\entity\enemy\behavior">
      <UniqueIdentifier>{4cd43541-fc37-4f76-8f33-781cf1528ba1}</UniqueIdentifier>
    </Filter>
    <Filter Include="Application\entity\enemy\behavior\editor">
      <UniqueIdentifier>{e9283c78-5d21-4a9a-85be-2227045ae5bb}</UniqueIdentifier>
    </Filter>
    <Filter Include="Application\entity\enemy\behavior\Nodes">
      <UniqueIdentifier>{f2af979b-3a39-4980-8899-ff3ab2b4cb92}</UniqueIdentifier>
    </Filter>
    <Filter Include="Application\entity\field\ground">
      <UniqueIdentifier>{c89a1c80-d2a6-4ed7-816a-79724149ffc5}</UniqueIdentifier>
    </Filter>
    <Filter Include="Application\entity\field\skydome">
      <UniqueIdentifier>{d6f75928-d5b7-4eaa-90de-7712a98e79ec}</UniqueIdentifier>
    </Filter>
    <Filter Include="Application\entity\player\bullet">
      <UniqueIdentifier>{5d2a61f2-dc2b-46fa-aaf6-53c2c18a5789}</UniqueIdentifier>
    </Filter>
    <Filter Include="Application\entity\player\skill">
      <UniqueIdentifier>{c8b4417f-0aa0-4551-a8f4-f8600451578d}</UniqueIdentifier>
    </Filter>
    <Filter Include="Application\entity\player\state">
      <UniqueIdentifier>{663ca973-351d-451c-b82e-0995d87184c3}</UniqueIdentifier>
    </Filter>
    <Filter Include="Application\entity\player\bullet\charge">
      <UniqueIdentifier>{c0845fb2-507e-423f-9453-b5a864bb5d96}</UniqueIdentifier>
    </Filter>
    <Filter Include="Application\entity\player\state\action">
      <UniqueIdentifier>{b7b2b8f9-3ed5-4200-b04d-5b2cfecf5c3d}</UniqueIdentifier>
    </Filter>
    <Filter Include="Application\entity\player\state\air">
      <UniqueIdentifier>{3dcf70f3-3dc3-4368-b442-9aa406d7a064}</UniqueIdentifier>
    </Filter>
    <Filter Include="Application\entity\player\state\base">
      <UniqueIdentifier>{96cde7ea-d194-4082-bcdd-a346cb7a0943}</UniqueIdentifier>
    </Filter>
    <Filter Include="Application\entity\player\state\fly">
      <UniqueIdentifier>{ee8c1b01-54f2-4494-b1e0-a48e9728c96d}</UniqueIdentifier>
    </Filter>
    <Filter Include="Application\entity\player\state\ground">
      <UniqueIdentifier>{41f6ceda-a1dc-4223-be6a-193376fd2a41}</UniqueIdentifier>
    </Filter>
    <Filter Include="Application\staging\death">
      <UniqueIdentifier>{e04ce879-c6d6-462c-8ae7-66c551d246e0}</UniqueIdentifier>
    </Filter>
    <Filter Include="Application\staging\result">
      <UniqueIdentifier>{224742e9-1b6c-4d94-8da5-3b4f408e77b0}</UniqueIdentifier>
    </Filter>
    <Filter Include="Application\staging\transition">
      <UniqueIdentifier>{5487e70e-4620-4d8c-ac81-bb0ebea97def}</UniqueIdentifier>
    </Filter>
    <Filter Include="Application\ui\enemy">
      <UniqueIdentifier>{917b366d-1553-4fb5-8852-9f565c39b89a}</UniqueIdentifier>
    </Filter>
    <Filter Include="Application\ui\player">
      <UniqueIdentifier>{734cc1f6-a7cb-456b-bcca-4604da9f022a}</UniqueIdentifier>
    </Filter>
    <Filter Include="Application\ui\scene">
      <UniqueIdentifier>{84a5ceae-548b-4941-9791-37f954ae6cbb}</UniqueIdentifier>
    </Filter>
    <Filter Include="Application\ui\scene\game">
      <UniqueIdentifier>{244785ee-4ad7-41c1-b384-a5f160c6b52d}</UniqueIdentifier>
    </Filter>
    <Filter Include="Application\ui\scene\training">
      <UniqueIdentifier>{7b9c2e14-3d6a-4f28-9a51-2c8e4d0b6f31}</UniqueIdentifier>
    </Filter>
    <Filter Include="Application\ui\scene\result">
      <UniqueIdentifier>{c920d9e7-fd91-4bc1-be53-ea5709b133e0}</UniqueIdentifier>
    </Filter>
    <Filter Include="Application\ui\scene\title">
      <UniqueIdentifier>{be8fe929-ded7-48fc-a270-64fa1beffd32}</UniqueIdentifier>
    </Filter>
    <Filter Include="Application\entity\player\bullet\Hand">
      <UniqueIdentifier>{583238d9-e588-41a7-adfe-5930c88d0e6d}</UniqueIdentifier>
    </Filter>
    <Filter Include="Application\utility\combo">
      <UniqueIdentifier>{e9d7ce76-f735-4161-9bb2-92c3f651e83c}</UniqueIdentifier>
    </Filter>
    <Filter Include="Application\utility\hitstop">
      <UniqueIdentifier>{0ceed33a-183b-449d-b99c-82cca270766e}</UniqueIdentifier>
    </Filter>
    <Filter Include="Engine\utility\edit\motion">
      <UniqueIdentifier>{c6039326-4c92-4d9f-8421-8babee2d4e0c}</UniqueIdentifier>
    </Filter>
    <Filter Include="Application\utility\shake">
      <UniqueIdentifier>{0580369b-7d5d-4411-859d-529bd7f67a44}</UniqueIdentifier>
    </Filter>
    <Filter Include="Application\entity\player\parts">
      <UniqueIdentifier>{a1c2f3d4-5e6b-4c7d-8e9f-0a1b2c3d4e5f}</UniqueIdentifier>
    </Filter>
    <Filter Include="Application\utility\cutscene">
      <UniqueIdentifier>{b2d3e4f5-6a7c-4d8e-9f0a-1b2c3d4e5f6a}</UniqueIdentifier>
    </Filter>
    <Filter Include="Engine\utility\debug\param">
      <UniqueIdentifier>{c3e4f5a6-7b8d-4e9f-0a1b-2c3d4e5f6a7b}</UniqueIdentifier>
    </Filter>
    <Filter Include="Engine\2d">
      <UniqueIdentifier>{f6580ddd-27d8-4bcd-9721-7b8876ed7ec3}</UniqueIdentifier>
    </Filter>
    <Filter Include="Engine\3d">
      <UniqueIdentifier>{92468806-1d6f-4f10-9990-10ae27d77d9a}</UniqueIdentifier>
    </Filter>
    <Filter Include="Engine\audio">
      <UniqueIdentifier>{ba0fc3f2-cea9-420d-8933-59ed1fdcf9cf}</UniqueIdentifier>
    </Filter>
    <Filter Include="Engine\base">
      <UniqueIdentifier>{36530a64-ac7c-442d-96c8-ad021c202abd}</UniqueIdentifier>
    </Filter>
    <Filter Include="Engine\frame">
      <UniqueIdentifier>{052a653d-5bea-4e53-a40b-9d7fa9c9bc4e}</UniqueIdentifier>
    </Filter>
    <Filter Include="Engine\input">
      <UniqueIdentifier>{0890fd16-e10c-4d58-bb8b-5e7f45cd9358}</UniqueIdentifier>
    </Filter>
    <Filter Include="Engine\math">
      <UniqueIdentifier>{cbdd979b-dff5-4d0f-b0b4-a2bb30d81731}</UniqueIdentifier>
    </Filter>
    <Filter Include="Engine\offscreen">
      <UniqueIdentifier>{e71fbddd-5533-48bc-96b7-521fc5afc50b}</UniqueIdentifier>
    </Filter>
    <Filter Include="Engine\scene">
      <UniqueIdentifier>{f22bc842-ffc5-44c6-8fa7-4ca87ae3286a}</UniqueIdentifier>
    </Filter>
    <Filter Include="Engine\utility">
      <UniqueIdentifier>{c0ffa0bd-8944-4d50-b14f-24c041e595ce}</UniqueIdentifier>
    </Filter>
    <Filter Include="Engine\3d\animation">
      <UniqueIdentifier>{6e0cf052-e430-467c-97ec-30f30e94244e}</UniqueIdentifier>
    </Filter>
    <Filter Include="Engine\3d\camera">
      <UniqueIdentifier>{91f5ee3a-ad29-4145-a543-fc8aaa81b914}</UniqueIdentifier>
    </Filter>
    <Filter Include="Engine\3d\light">
      <UniqueIdentifier>{613b002c-7ea7-47ab-9911-86f1689d7442}</UniqueIdentifier>
    </Filter>
    <Filter Include="Engine\3d\model">
      <UniqueIdentifier>{940ba3cb-4f03-4b7d-aa0e-1013989d34a1}</UniqueIdentifier>
    </Filter>
    <Filter Include="Engine\3d\line">
      <UniqueIdentifier>{80f53c4f-2e46-4272-a4a4-57c6d6c53239}</UniqueIdentifier>
    </Filter>
    <Filter Include="Engine\3d\object">
      <UniqueIdentifier>{7fd25787-d083-48e2-83ba-86a00d83d5b1}</UniqueIdentifier>
    </Filter>
    <Filter Include="Engine\3d\particle">
      <UniqueIdentifier>{eb2af253-458c-4173-8f06-9e3325d34575}</UniqueIdentifier>
    </Filter>
    <Filter Include="Engine\3d\primitive">
      <UniqueIdentifier>{f46abb80-d6b9-4526-a0f4-1b052ae0acd8}</UniqueIdentifier>
    </Filter>
    <Filter Include="Engine\3d\skybox">
      <UniqueIdentifier>{17e7f0ed-eedc-45bb-95b9-e63df5ec79d8}</UniqueIdentifier>
    </Filter>
    <Filter Include="Engine\3d\transform">
      <UniqueIdentifier>{f30f21d2-df52-4b68-9377-707d32bc9e15}</UniqueIdentifier>
    </Filter>
    <Filter Include="Engine\3d\camera\follow">
      <UniqueIdentifier>{dc53280b-4c9f-4252-b119-2fc4baefcf4d}</UniqueIdentifier>
    </Filter>
    <Filter Include="Engine\3d\camera\debug">
      <UniqueIdentifier>{d57870a7-82a9-4e75-9e01-3abd9a3aa6fa}</UniqueIdentifier>
    </Filter>
    <Filter Include="Engine\3d\camera\projection">
      <UniqueIdentifier>{382b5d02-ca2b-4602-b40f-4ad07b069989}</UniqueIdentifier>
    </Filter>
    <Filter Include="Engine\3d\model\material">
      <UniqueIdentifier>{a31c3d25-19c6-4e80-8342-64f662190b36}</UniqueIdentifier>
    </Filter>
    <Filter Include="Engine\3d\model\mesh">
      <UniqueIdentifier>{36d01962-5417-4fa5-90dc-58ecd7f0beb3}</UniqueIdentifier>
    </Filter>
    <Filter Include="Engine\3d\object\base">
      <UniqueIdentifier>{db314824-d74a-403b-89cb-247fa2e79058}</UniqueIdentifier>
    </Filter>
    <Filter Include="Engine\3d\particle\gpu">
      <UniqueIdentifier>{c727c9ba-825c-4341-ab2a-22b36c552812}</UniqueIdentifier>
    </Filter>
    <Filter Include="Engine\core">
      <UniqueIdentifier>{2ccef1d8-8001-43d5-8db5-51d905c4fc97}</UniqueIdentifier>
    </Filter>
    <Filter Include="Engine\math\type">
      <UniqueIdentifier>{9557718f-0fe6-4174-a36c-f92d62f402a6}</UniqueIdentifier>
    </Filter>
    <Filter Include="Engine\offscreen\effect">
      <UniqueIdentifier>{d1036225-5ebc-4f84-8ee6-9cd9d7a9e4e6}</UniqueIdentifier>
    </Filter>
    <Filter Include="Engine\utility\collider">
      <UniqueIdentifier>{e0d10749-bd6f-415c-a929-9cb3383f43a8}</UniqueIdentifier>
    </Filter>
    <Filter Include="Engine\utility\data">
      <UniqueIdentifier>{2370b194-46df-45fb-b04f-fb252e76e592}</UniqueIdentifier>
    </Filter>
    <Filter Include="Engine\utility\debug">
      <UniqueIdentifier>{d4298762-0815-4483-82a8-90819363d8e2}</UniqueIdentifier>
    </Filter>
    <Filter Include="Engine\utility\edit">
      <UniqueIdentifier>{9851df26-3103-4301-b534-ee620653f867}</UniqueIdentifier>
    </Filter>
    <Filter Include="Engine\utility\graphics">
      <UniqueIdentifier>{d5d4d6be-be80-4acd-b030-c3149f450695}</UniqueIdentifier>
    </Filter>
    <Filter Include="Engine\utility\loader">
      <UniqueIdentifier>{8d94c25b-8b50-4b7b-b5eb-b23581f995b0}</UniqueIdentifier>
    </Filter>
    <Filter Include="Engine\utility\scene">
      <UniqueIdentifier>{2bafad9b-53fc-4a0b-a628-826a737d2e7c}</UniqueIdentifier>
    </Filter>
    <Filter Include="Engine\utility\browser">
      <UniqueIdentifier>{b8106d55-067b-42b8-b54d-0fed2aaab3be}</UniqueIdentifier>
    </Filter>
    <Filter Include="Engine\utility\string">
      <UniqueIdentifier>{c7f8fe6e-6cb8-4142-9eb6-e59a21151e82}</UniqueIdentifier>
    </Filter>
    <Filter Include="Engine\utility\collider\type">
      <UniqueIdentifier>{eef1dc68-2fd8-4a47-8905-b6c23409806a}</UniqueIdentifier>
    </Filter>
    <Filter Include="Engine\utility\debug\imgui">
      <UniqueIdentifier>{32640c3b-07f6-47c7-ad13-968f0f87b43f}</UniqueIdentifier>
    </Filter>
    <Filter Include="Engine\utility\debug\log">
      <UniqueIdentifier>{fa380a04-a353-444b-b4db-494e087ef888}</UniqueIdentifier>
    </Filter>
    <Filter Include="Engine\utility\debug\leak">
      <UniqueIdentifier>{e08988ed-a839-49c4-84fe-51b9fa0bdf13}</UniqueIdentifier>
    </Filter>
    <Filter Include="Engine\utility\edit\shortcut">
      <UniqueIdentifier>{5537d5df-41da-435e-88ca-b62da8062fe9}</UniqueIdentifier>
    </Filter>
    <Filter Include="Engine\utility\graphics\model">
      <UniqueIdentifier>{af8c7d44-b08b-4299-8a77-950813738443}</UniqueIdentifier>
    </Filter>
    <Filter Include="Engine\utility\graphics\pipeline">
      <UniqueIdentifier>{5cc7c896-431b-400b-94dd-990d13acaaec}</UniqueIdentifier>
    </Filter>
    <Filter Include="Engine\utility\graphics\srv">
      <UniqueIdentifier>{4f441bde-4a8e-4fd1-8b36-0d55b554be9a}</UniqueIdentifier>
    </Filter>
    <Filter Include="Engine\utility\graphics\rtv">
      <UniqueIdentifier>{a3f1c2d4-8b5e-4c6f-9d21-1e7a52c94b03}</UniqueIdentifier>
    </Filter>
    <Filter Include="Engine\utility\graphics\dsv">
      <UniqueIdentifier>{b7e2d3c5-9c6f-4d70-8e32-2f8b63da5c14}</UniqueIdentifier>
    </Filter>
    <Filter Include="Engine\utility\graphics\texture">
      <UniqueIdentifier>{b069db75-7357-4d06-bfed-f67d3c3ccfa6}</UniqueIdentifier>
    </Filter>
    <Filter Include="Engine\utility\loader\csv">
      <UniqueIdentifier>{c1216338-3048-4806-be59-7ccef6b4d2eb}</UniqueIdentifier>
    </Filter>
    <Filter Include="Engine\EngineAssets\shaders\particle\gpu">
      <UniqueIdentifier>{e2eb09d7-9dac-416f-a3f9-ff37395e3766}</UniqueIdentifier>
    </Filter>
    <Filter Include="Externals\imgui">
      <UniqueIdentifier>{71d8d931-e159-48e7-8c9a-f19c704253b7}</UniqueIdentifier>
    </Filter>
    <Filter Include="Application\entity\behavior">
      <UniqueIdentifier>{8f576bdb-2f90-4af9-858d-9f18e65adc3e}</UniqueIdentifier>
    </Filter>
    <Filter Include="Application\entity\behavior\node">
      <UniqueIdentifier>{da19d542-bd86-4622-b50f-afa76d8aeb11}</UniqueIdentifier>
    </Filter>
    <Filter Include="Application\entity\behavior\editor">
      <UniqueIdentifier>{eca1faed-c300-4e02-9fce-7538afa4b337}</UniqueIdentifier>
    </Filter>
  </ItemGroup>
  <ItemGroup>
    <Text Include="externals\imgui\LICENSE.txt">
      <Filter>Externals\imgui</Filter>
    </Text>
  </ItemGroup>
</Project>