<?xml version="1.0" encoding="utf-8"?>
<Project ToolsVersion="4.0" xmlns="http://schemas.microsoft.com/developer/msbuild/2003">
  <ItemGroup>
    <FxCompile Include="resources\shaders\Line\Line3d.PS.hlsl">
      <Filter>Resources\shaders\Line</Filter>
    </FxCompile>
    <FxCompile Include="resources\shaders\Line\Line3d.VS.hlsl">
      <Filter>Resources\shaders\Line</Filter>
    </FxCompile>
    <FxCompile Include="resources\shaders\Sprite\Sprite.PS.hlsl">
      <Filter>Resources\shaders\Sprite</Filter>
    </FxCompile>
    <FxCompile Include="resources\shaders\Sprite\Sprite.VS.hlsl">
      <Filter>Resources\shaders\Sprite</Filter>
    </FxCompile>
    <FxCompile Include="Resources\shaders\Skybox\Skybox.PS.hlsl">
      <Filter>Resources\shaders\Skybox</Filter>
    </FxCompile>
    <FxCompile Include="Resources\shaders\Skybox\Skybox.VS.hlsl">
      <Filter>Resources\shaders\Skybox</Filter>
    </FxCompile>
    <FxCompile Include="Resources\shaders\Skinning\Skinning.CS.hlsl">
      <Filter>Resources\shaders\Skinning</Filter>
    </FxCompile>
    <FxCompile Include="Resources\shaders\Skinning\Skinning.VS.hlsl">
      <Filter>Resources\shaders\Skinning</Filter>
    </FxCompile>
    <FxCompile Include="Resources\shaders\Particle\Particle.PS.hlsl">
      <Filter>Resources\shaders\Particle</Filter>
    </FxCompile>
    <FxCompile Include="resources\shaders\Object\Object3d.PS.hlsl">
      <Filter>Resources\shaders\Object</Filter>
    </FxCompile>
    <FxCompile Include="resources\shaders\Object\Object3d.VS.hlsl">
      <Filter>Resources\shaders\Object</Filter>
    </FxCompile>
    <FxCompile Include="resources\shaders\OffScreen\BoxFilter.PS.hlsl">
      <Filter>Resources\shaders\OffScreen</Filter>
    </FxCompile>
    <FxCompile Include="resources\shaders\OffScreen\Cinematic.PS.hlsl">
      <Filter>Resources\shaders\OffScreen</Filter>
    </FxCompile>
    <FxCompile Include="resources\shaders\OffScreen\CopyImage.PS.hlsl">
      <Filter>Resources\shaders\OffScreen</Filter>
    </FxCompile>
    <FxCompile Include="resources\shaders\OffScreen\DepthBasedOutline.PS.hlsl">
      <Filter>Resources\shaders\OffScreen</Filter>
    </FxCompile>
    <FxCompile Include="Resources\shaders\OffScreen\Dissolve.PS.hlsl">
      <Filter>Resources\shaders\OffScreen</Filter>
    </FxCompile>
    <FxCompile Include="Resources\shaders\OffScreen\FocusLine.PS.hlsl">
      <Filter>Resources\shaders\OffScreen</Filter>
    </FxCompile>
    <FxCompile Include="resources\shaders\OffScreen\FullScreen.VS.hlsl">
      <Filter>Resources\shaders\OffScreen</Filter>
    </FxCompile>
    <FxCompile Include="resources\shaders\OffScreen\GaussianFilter.PS.hlsl">
      <Filter>Resources\shaders\OffScreen</Filter>
    </FxCompile>
    <FxCompile Include="resources\shaders\OffScreen\Grayscale.PS.hlsl">
      <Filter>Resources\shaders\OffScreen</Filter>
    </FxCompile>
    <FxCompile Include="resources\shaders\OffScreen\LuminanceBasedOutline.PS.hlsl">
      <Filter>Resources\shaders\OffScreen</Filter>
    </FxCompile>
    <FxCompile Include="resources\shaders\OffScreen\RadialBlur.PS.hlsl">
      <Filter>Resources\shaders\OffScreen</Filter>
    </FxCompile>
    <FxCompile Include="Resources\shaders\OffScreen\Random.PS.hlsl">
      <Filter>Resources\shaders\OffScreen</Filter>
    </FxCompile>
    <FxCompile Include="resources\shaders\OffScreen\Vignette.PS.hlsl">
      <Filter>Resources\shaders\OffScreen</Filter>
    </FxCompile>
    <FxCompile Include="Resources\shaders\Particle\CSParticle\EmitParticle.CS.hlsl">
      <Filter>Resources\shaders\Particle\CSParticle</Filter>
    </FxCompile>
    <FxCompile Include="Resources\shaders\Particle\CSParticle\CountParticle.CS.hlsl">
      <Filter>Resources\shaders\Particle\CSParticle</Filter>
    </FxCompile>
    <FxCompile Include="Resources\shaders\Particle\CSParticle\InitParticle.CS.hlsl">
      <Filter>Resources\shaders\Particle\CSParticle</Filter>
    </FxCompile>
    <FxCompile Include="Resources\shaders\Particle\CSParticle\ParticleCS.PS.hlsl">
      <Filter>Resources\shaders\Particle\CSParticle</Filter>
    </FxCompile>
    <FxCompile Include="Resources\shaders\Particle\CSParticle\ParticleCS.VS.hlsl">
      <Filter>Resources\shaders\Particle\CSParticle</Filter>
    </FxCompile>
    <FxCompile Include="Resources\shaders\Particle\CSParticle\UpdateParticle.CS.hlsl">
      <Filter>Resources\shaders\Particle\CSParticle</Filter>
    </FxCompile>
  </ItemGroup>
  <ItemGroup>
    <ClCompile Include="main.cpp" />
    <ClCompile Include="Engine\2d\SpriteCommon.cpp">
      <Filter>Engine\2d</Filter>
    </ClCompile>
    <ClCompile Include="Engine\2d\SpriteManager.cpp">
      <Filter>Engine\2d</Filter>
    </ClCompile>
    <ClCompile Include="Engine\2d\Sprite.cpp">
      <Filter>Engine\2d</Filter>
    </ClCompile>
    <ClCompile Include="Engine\3d\Animation\Animator.cpp">
      <Filter>Engine\3d\Animation</Filter>
    </ClCompile>
    <ClCompile Include="Engine\3d\Animation\Bone.cpp">
      <Filter>Engine\3d\Animation</Filter>
    </ClCompile>
    <ClCompile Include="Engine\3d\Animation\ModelAnimation.cpp">
      <Filter>Engine\3d\Animation</Filter>
    </ClCompile>
    <ClCompile Include="Engine\3d\Animation\Skin.cpp">
      <Filter>Engine\3d\Animation</Filter>
    </ClCompile>
    <ClCompile Include="Engine\3d\Camera\BaseFollowCamera\BaseFollowCamera.cpp">
      <Filter>Engine\3d\Camera\BaseFollowCamera</Filter>
    </ClCompile>
    <ClCompile Include="Engine\3d\Camera\DebugCamera\DebugCamera.cpp">
      <Filter>Engine\3d\Camera\DebugCamera</Filter>
    </ClCompile>
    <ClCompile Include="Engine\3d\Camera\ViewProjection\ViewProjection.cpp">
      <Filter>Engine\3d\Camera\ViewProjection</Filter>
    </ClCompile>
    <ClCompile Include="Engine\3d\Light\LightGroup.cpp">
      <Filter>Engine\3d\Light</Filter>
    </ClCompile>
    <ClCompile Include="Engine\3d\Line\DrawLine3D.cpp">
      <Filter>Engine\3d\Line</Filter>
    </ClCompile>
    <ClCompile Include="Engine\3d\Model\Model.cpp">
      <Filter>Engine\3d\Model</Filter>
    </ClCompile>
    <ClCompile Include="Engine\3d\Model\ModelCommon.cpp">
      <Filter>Engine\3d\Model</Filter>
    </ClCompile>
    <ClCompile Include="Engine\3d\Model\Material\Material.cpp">
      <Filter>Engine\3d\Model\Material</Filter>
    </ClCompile>
    <ClCompile Include="Engine\3d\Model\Mesh\Mesh.cpp">
      <Filter>Engine\3d\Model\Mesh</Filter>
    </ClCompile>
    <ClCompile Include="Engine\3d\Object\Object3d.cpp">
      <Filter>Engine\3d\Object</Filter>
    </ClCompile>
    <ClCompile Include="Engine\3d\Object\Object3dCommon.cpp">
      <Filter>Engine\3d\Object</Filter>
    </ClCompile>
    <ClCompile Include="Engine\3d\Object\Base\BaseObject.cpp">
      <Filter>Engine\3d\Object\Base</Filter>
    </ClCompile>
    <ClCompile Include="Engine\3d\Object\Base\BaseObjectManager.cpp">
      <Filter>Engine\3d\Object\Base</Filter>
    </ClCompile>
    <ClCompile Include="Engine\3d\Particle\ParticleEditor.cpp">
      <Filter>Engine\3d\Particle</Filter>
    </ClCompile>
    <ClCompile Include="Engine\3d\Particle\ParticleEmitter.cpp">
      <Filter>Engine\3d\Particle</Filter>
    </ClCompile>
    <ClCompile Include="Engine\3d\Particle\ParticleGroup.cpp">
      <Filter>Engine\3d\Particle</Filter>
    </ClCompile>
    <ClCompile Include="Engine\3d\Particle\ParticleGroupManager.cpp">
      <Filter>Engine\3d\Particle</Filter>
    </ClCompile>
    <ClCompile Include="Engine\3d\Particle\ParticleManager.cpp">
      <Filter>Engine\3d\Particle</Filter>
    </ClCompile>
    <ClCompile Include="Engine\3d\Particle\ParticleStruct.cpp">
      <Filter>Engine\3d\Particle</Filter>
    </ClCompile>
    <ClCompile Include="Engine\3d\Particle\ParticleCommon.cpp">
      <Filter>Engine\3d\Particle</Filter>
    </ClCompile>
    <ClCompile Include="Engine\3d\Particle\CSParticle\ParticleCSEditor.cpp">
      <Filter>Engine\3d\Particle\CSParticle</Filter>
    </ClCompile>
    <ClCompile Include="Engine\3d\Particle\CSParticle\ParticleCSEmitter.cpp">
      <Filter>Engine\3d\Particle\CSParticle</Filter>
    </ClCompile>
    <ClCompile Include="Engine\3d\Particle\CSParticle\ParticleCSGroup.cpp">
      <Filter>Engine\3d\Particle\CSParticle</Filter>
    </ClCompile>
    <ClCompile Include="Engine\3d\Particle\CSParticle\ParticleCSGroupManager.cpp">
      <Filter>Engine\3d\Particle\CSParticle</Filter>
    </ClCompile>
    <ClCompile Include="Engine\3d\Primitive\PrimitiveModel.cpp">
      <Filter>Engine\3d\Primitive</Filter>
    </ClCompile>
    <ClCompile Include="Engine\3d\SkyBox\SkyBox.cpp">
      <Filter>Engine\3d\SkyBox</Filter>
    </ClCompile>
    <ClCompile Include="Engine\3d\Transform\ObjColor.cpp">
      <Filter>Engine\3d\Transform</Filter>
    </ClCompile>
    <ClCompile Include="Engine\3d\Transform\WorldTransform.cpp">
      <Filter>Engine\3d\Transform</Filter>
    </ClCompile>
    <ClCompile Include="Engine\Audio\Audio.cpp">
      <Filter>Engine\Audio</Filter>
    </ClCompile>
    <ClCompile Include="Engine\Base\DirectXCommon.cpp">
      <Filter>Engine\Base</Filter>
    </ClCompile>
    <ClCompile Include="Engine\Base\WinApp.cpp">
      <Filter>Engine\Base</Filter>
    </ClCompile>
    <ClCompile Include="Engine\Core\Framework.cpp">
      <Filter>Engine\Core</Filter>
    </ClCompile>
    <ClCompile Include="Engine\Core\MyGame.cpp">
      <Filter>Engine\Core</Filter>
    </ClCompile>
    <ClCompile Include="Engine\Frame\Frame.cpp">
      <Filter>Engine\Frame</Filter>
    </ClCompile>
    <ClCompile Include="Engine\Input\Input.cpp">
      <Filter>Engine\Input</Filter>
    </ClCompile>
    <ClCompile Include="Engine\Input\Mouse.cpp">
      <Filter>Engine\Input</Filter>
    </ClCompile>
    <ClCompile Include="Engine\Math\Easing.cpp">
      <Filter>Engine\Math</Filter>
    </ClCompile>
    <ClCompile Include="Engine\Math\myMath.cpp">
      <Filter>Engine\Math</Filter>
    </ClCompile>
    <ClCompile Include="Engine\Math\random.cpp">
      <Filter>Engine\Math</Filter>
    </ClCompile>
    <ClCompile Include="Engine\Math\type\Quaternion.cpp">
      <Filter>Engine\Math\type</Filter>
    </ClCompile>
    <ClCompile Include="Engine\OffScreen\OffScreen.cpp">
      <Filter>Engine\OffScreen</Filter>
    </ClCompile>
    <ClCompile Include="Engine\OffScreen\RendererBuffer.cpp">
      <Filter>Engine\OffScreen</Filter>
    </ClCompile>
    <ClCompile Include="Engine\OffScreen\PostEffect\PostEffectChain.cpp">
      <Filter>Engine\OffScreen\PostEffect</Filter>
    </ClCompile>
    <ClCompile Include="Engine\OffScreen\PostEffect\PostEffectDataManager.cpp">
      <Filter>Engine\OffScreen\PostEffect</Filter>
    </ClCompile>
    <ClCompile Include="Engine\OffScreen\PostEffect\PostEffectParameters.cpp">
      <Filter>Engine\OffScreen\PostEffect</Filter>
    </ClCompile>
    <ClCompile Include="Engine\OffScreen\PostEffect\PostEffectRenderer.cpp">
      <Filter>Engine\OffScreen\PostEffect</Filter>
    </ClCompile>
    <ClCompile Include="Engine\Scene\BaseScene.cpp">
      <Filter>Engine\Scene</Filter>
    </ClCompile>
    <ClCompile Include="Engine\Utility\Collider\Collider.cpp">
      <Filter>Engine\Utility\Collider</Filter>
    </ClCompile>
    <ClCompile Include="Engine\Utility\Collider\CollisionManager.cpp">
      <Filter>Engine\Utility\Collider</Filter>
    </ClCompile>
    <ClCompile Include="Engine\Utility\Data\DataHandler.cpp">
      <Filter>Engine\Utility\Data</Filter>
    </ClCompile>
    <ClCompile Include="Engine\Utility\Debug\ImGui\ImGuizmoManager.cpp">
      <Filter>Engine\Utility\Debug\ImGui</Filter>
    </ClCompile>
    <ClCompile Include="Engine\Utility\Debug\ImGui\ImGuiManager.cpp">
      <Filter>Engine\Utility\Debug\ImGui</Filter>
    </ClCompile>
    <ClCompile Include="Engine\Utility\Debug\Log\Logger.cpp">
      <Filter>Engine\Utility\Debug\Log</Filter>
    </ClCompile>
    <ClCompile Include="Engine\Utility\Debug\ResourceLeakChecker\D3DResourceLeakChecker.cpp">
      <Filter>Engine\Utility\Debug\ResourceLeakChecker</Filter>
    </ClCompile>
    <ClCompile Include="Engine\Utility\Edit\LevelData.cpp">
      <Filter>Engine\Utility\Edit</Filter>
    </ClCompile>
    <ClCompile Include="Engine\Utility\Edit\ShortcutManager\ShortcutManager.cpp">
      <Filter>Engine\Utility\Edit\ShortcutManager</Filter>
    </ClCompile>
    <ClCompile Include="Engine\Utility\Graphics\Texture\TextureManager.cpp">
      <Filter>Engine\Utility\Graphics\Texture</Filter>
    </ClCompile>
    <ClCompile Include="Engine\Utility\Graphics\Model\ModelManager.cpp">
      <Filter>Engine\Utility\Graphics\Model</Filter>
    </ClCompile>
    <ClCompile Include="Engine\Utility\Graphics\PipeLine\ComputePipeLineManager.cpp">
      <Filter>Engine\Utility\Graphics\PipeLine</Filter>
    </ClCompile>
    <ClCompile Include="Engine\Utility\Graphics\PipeLine\PipeLineManager.cpp">
      <Filter>Engine\Utility\Graphics\PipeLine</Filter>
    </ClCompile>
    <ClCompile Include="Engine\Utility\Graphics\Srv\SrvManager.cpp">
      <Filter>Engine\Utility\Graphics\Srv</Filter>
    </ClCompile>
    <ClCompile Include="Engine\Utility\LoadFile\Csv\CsvLoad.cpp">
      <Filter>Engine\Utility\LoadFile\Csv</Filter>
    </ClCompile>
    <ClCompile Include="Engine\Utility\String\StringUtility.cpp">
      <Filter>Engine\Utility\String</Filter>
    </ClCompile>
    <ClCompile Include="Engine\Utility\ShowFolder\ShowFolder.cpp">
      <Filter>Engine\Utility\ShowFolder</Filter>
    </ClCompile>
    <ClCompile Include="Engine\Utility\Scene\SceneFactory.cpp">
      <Filter>Engine\Utility\Scene</Filter>
    </ClCompile>
    <ClCompile Include="Engine\Utility\Scene\SceneManager.cpp">
      <Filter>Engine\Utility\Scene</Filter>
    </ClCompile>
    <ClCompile Include="Engine\Utility\Scene\SceneTransition.cpp">
      <Filter>Engine\Utility\Scene</Filter>
    </ClCompile>
    <ClCompile Include="Application\Camera\FollowCamera.cpp">
      <Filter>Application\Camera</Filter>
    </ClCompile>
    <ClCompile Include="Application\GameObject\Enemy\Enemy.cpp">
      <Filter>Application\GameObject\Enemy</Filter>
    </ClCompile>
    <ClCompile Include="Application\GameObject\Field\Ground\Ground.cpp">
      <Filter>Application\GameObject\Field\Ground</Filter>
    </ClCompile>
    <ClCompile Include="Application\GameObject\Field\SkyDome\SkyDome.cpp">
      <Filter>Application\GameObject\Field\SkyDome</Filter>
    </ClCompile>
    <ClCompile Include="Application\GameObject\Player\Player.cpp">
      <Filter>Application\GameObject\Player</Filter>
    </ClCompile>
    <ClCompile Include="Application\GameObject\Player\Bullet\PlayerBullet.cpp">
      <Filter>Application\GameObject\Player\Bullet</Filter>
    </ClCompile>
    <ClCompile Include="Application\GameObject\Player\Bullet\ChageShot\ChageShot.cpp">
      <Filter>Application\GameObject\Player\Bullet\ChageShot</Filter>
    </ClCompile>
    <ClCompile Include="Application\GameObject\Player\Hand\PlayerHand.cpp">
      <Filter>Application\GameObject\Player\Hand</Filter>
    </ClCompile>
    <ClCompile Include="application\GameObject\Player\State\Action\PlayerStateRush.cpp">
      <Filter>Application\GameObject\Player\State\Action</Filter>
    </ClCompile>
    <ClCompile Include="Application\GameObject\Player\State\Air\PlayerStateAir.cpp">
      <Filter>Application\GameObject\Player\State\Air</Filter>
    </ClCompile>
    <ClCompile Include="Application\GameObject\Player\State\Fly\PlayerStateFlyIdle.cpp">
      <Filter>Application\GameObject\Player\State\Fly</Filter>
    </ClCompile>
    <ClCompile Include="Application\GameObject\Player\State\Fly\PlayerStateFlyMove.cpp">
      <Filter>Application\GameObject\Player\State\Fly</Filter>
    </ClCompile>
    <ClCompile Include="Application\GameObject\Player\State\Ground\PlayerStateIdle.cpp">
      <Filter>Application\GameObject\Player\State\Ground</Filter>
    </ClCompile>
    <ClCompile Include="Application\GameObject\Player\State\Ground\PlayerStateJump.cpp">
      <Filter>Application\GameObject\Player\State\Ground</Filter>
    </ClCompile>
    <ClCompile Include="Application\GameObject\Player\State\Ground\PlayerStateMove.cpp">
      <Filter>Application\GameObject\Player\State\Ground</Filter>
    </ClCompile>
    <ClCompile Include="Application\Scene\ClearScene.cpp">
      <Filter>Application\Scene</Filter>
    </ClCompile>
    <ClCompile Include="Application\Scene\DemoScene.cpp">
      <Filter>Application\Scene</Filter>
    </ClCompile>
    <ClCompile Include="Application\Scene\GameScene.cpp">
      <Filter>Application\Scene</Filter>
    </ClCompile>
    <ClCompile Include="Application\Scene\SelectScene.cpp">
      <Filter>Application\Scene</Filter>
    </ClCompile>
    <ClCompile Include="Application\Scene\TitleScene.cpp">
      <Filter>Application\Scene</Filter>
    </ClCompile>
    <ClCompile Include="Application\UI\Enemy\EnemyUI.cpp">
      <Filter>Application\UI\Enemy</Filter>
    </ClCompile>
    <ClCompile Include="Application\UI\Player\PlayerUI.cpp">
      <Filter>Application\UI\Player</Filter>
    </ClCompile>
    <ClCompile Include="application\Utility\ComboSystem\ComboSystem.cpp">
      <Filter>Application\Utility\ComboSystem</Filter>
    </ClCompile>
    <ClCompile Include="Application\Utility\HitStop\HitStop.cpp">
      <Filter>Application\Utility\HitStop</Filter>
    </ClCompile>
    <ClCompile Include="Application\Utility\MotionEditor\MotionEditor.cpp">
      <Filter>Application\Utility\MotionEditor</Filter>
    </ClCompile>
    <ClCompile Include="Application\Utility\Shake\Shake.cpp">
      <Filter>Application\Utility\Shake</Filter>
    </ClCompile>
    <ClCompile Include="externals\imgui\imgui.cpp">
      <Filter>Externals\imgui</Filter>
    </ClCompile>
    <ClCompile Include="externals\imgui\imgui_demo.cpp">
      <Filter>Externals\imgui</Filter>
    </ClCompile>
    <ClCompile Include="externals\imgui\imgui_draw.cpp">
      <Filter>Externals\imgui</Filter>
    </ClCompile>
    <ClCompile Include="externals\imgui\imgui_impl_dx12.cpp">
      <Filter>Externals\imgui</Filter>
    </ClCompile>
    <ClCompile Include="externals\imgui\imgui_impl_win32.cpp">
      <Filter>Externals\imgui</Filter>
    </ClCompile>
    <ClCompile Include="externals\imgui\imgui_tables.cpp">
      <Filter>Externals\imgui</Filter>
    </ClCompile>
    <ClCompile Include="externals\imgui\imgui_widgets.cpp">
      <Filter>Externals\imgui</Filter>
    </ClCompile>
    <ClCompile Include="externals\imgui\ImGuizmo.cpp">
      <Filter>Externals\imgui</Filter>
    </ClCompile>
    <ClCompile Include="Application\UI\Scene\Title\TitleUI.cpp" />
  </ItemGroup>
  <ItemGroup>
    <ClInclude Include="resource.h" />
    <ClInclude Include="Engine\2d\SpriteCommon.h">
      <Filter>Engine\2d</Filter>
    </ClInclude>
    <ClInclude Include="Engine\2d\SpriteManager.h">
      <Filter>Engine\2d</Filter>
    </ClInclude>
    <ClInclude Include="Engine\2d\SpriteStruct.h">
      <Filter>Engine\2d</Filter>
    </ClInclude>
    <ClInclude Include="Engine\2d\Sprite.h">
      <Filter>Engine\2d</Filter>
    </ClInclude>
    <ClInclude Include="Engine\3d\Animation\Animator.h">
      <Filter>Engine\3d\Animation</Filter>
    </ClInclude>
    <ClInclude Include="Engine\3d\Animation\Bone.h">
      <Filter>Engine\3d\Animation</Filter>
    </ClInclude>
    <ClInclude Include="Engine\3d\Animation\ModelAnimation.h">
      <Filter>Engine\3d\Animation</Filter>
    </ClInclude>
    <ClInclude Include="Engine\3d\Animation\Skin.h">
      <Filter>Engine\3d\Animation</Filter>
    </ClInclude>
    <ClInclude Include="Engine\3d\Camera\BaseFollowCamera\BaseFollowCamera.h">
      <Filter>Engine\3d\Camera\BaseFollowCamera</Filter>
    </ClInclude>
    <ClInclude Include="Engine\3d\Camera\DebugCamera\DebugCamera.h">
      <Filter>Engine\3d\Camera\DebugCamera</Filter>
    </ClInclude>
    <ClInclude Include="Engine\3d\Camera\ViewProjection\ViewProjection.h">
      <Filter>Engine\3d\Camera\ViewProjection</Filter>
    </ClInclude>
    <ClInclude Include="Engine\3d\Light\LightGroup.h">
      <Filter>Engine\3d\Light</Filter>
    </ClInclude>
    <ClInclude Include="Engine\3d\Line\DrawLine3D.h">
      <Filter>Engine\3d\Line</Filter>
    </ClInclude>
    <ClInclude Include="Engine\3d\Model\Model.h">
      <Filter>Engine\3d\Model</Filter>
    </ClInclude>
    <ClInclude Include="Engine\3d\Model\ModelCommon.h">
      <Filter>Engine\3d\Model</Filter>
    </ClInclude>
    <ClInclude Include="Engine\3d\Model\ModelStructs.h">
      <Filter>Engine\3d\Model</Filter>
    </ClInclude>
    <ClInclude Include="Engine\3d\Model\Material\Material.h">
      <Filter>Engine\3d\Model\Material</Filter>
    </ClInclude>
    <ClInclude Include="Engine\3d\Model\Mesh\Mesh.h">
      <Filter>Engine\3d\Model\Mesh</Filter>
    </ClInclude>
    <ClInclude Include="Engine\3d\Object\Object3d.h">
      <Filter>Engine\3d\Object</Filter>
    </ClInclude>
    <ClInclude Include="Engine\3d\Object\Object3dCommon.h">
      <Filter>Engine\3d\Object</Filter>
    </ClInclude>
    <ClInclude Include="Engine\3d\Object\Base\BaseObjectManager.h">
      <Filter>Engine\3d\Object\Base</Filter>
    </ClInclude>
    <ClInclude Include="Engine\3d\Object\Base\BaseObject.h">
      <Filter>Engine\3d\Object\Base</Filter>
    </ClInclude>
    <ClInclude Include="Engine\3d\Particle\ParticleEditor.h">
      <Filter>Engine\3d\Particle</Filter>
    </ClInclude>
    <ClInclude Include="Engine\3d\Particle\ParticleEmitter.h">
      <Filter>Engine\3d\Particle</Filter>
    </ClInclude>
    <ClInclude Include="Engine\3d\Particle\ParticleGroup.h">
      <Filter>Engine\3d\Particle</Filter>
    </ClInclude>
    <ClInclude Include="Engine\3d\Particle\ParticleGroupManager.h">
      <Filter>Engine\3d\Particle</Filter>
    </ClInclude>
    <ClInclude Include="Engine\3d\Particle\ParticleManager.h">
      <Filter>Engine\3d\Particle</Filter>
    </ClInclude>
    <ClInclude Include="Engine\3d\Particle\ParticleStruct.h">
      <Filter>Engine\3d\Particle</Filter>
    </ClInclude>
    <ClInclude Include="Engine\3d\Particle\ParticleCommon.h">
      <Filter>Engine\3d\Particle</Filter>
    </ClInclude>
    <ClInclude Include="Engine\3d\Particle\CSParticle\ParticleCSEditor.h">
      <Filter>Engine\3d\Particle\CSParticle</Filter>
    </ClInclude>
    <ClInclude Include="Engine\3d\Particle\CSParticle\ParticleCSEmitter.h">
      <Filter>Engine\3d\Particle\CSParticle</Filter>
    </ClInclude>
    <ClInclude Include="Engine\3d\Particle\CSParticle\ParticleCSGroup.h">
      <Filter>Engine\3d\Particle\CSParticle</Filter>
    </ClInclude>
    <ClInclude Include="Engine\3d\Particle\CSParticle\ParticleCSGroupManager.h">
      <Filter>Engine\3d\Particle\CSParticle</Filter>
    </ClInclude>
    <ClInclude Include="Engine\3d\Primitive\PrimitiveModel.h">
      <Filter>Engine\3d\Primitive</Filter>
    </ClInclude>
    <ClInclude Include="Engine\3d\SkyBox\SkyBox.h">
      <Filter>Engine\3d\SkyBox</Filter>
    </ClInclude>
    <ClInclude Include="Engine\3d\Transform\ObjColor.h">
      <Filter>Engine\3d\Transform</Filter>
    </ClInclude>
    <ClInclude Include="Engine\3d\Transform\WorldTransform.h">
      <Filter>Engine\3d\Transform</Filter>
    </ClInclude>
    <ClInclude Include="Engine\Audio\Audio.h">
      <Filter>Engine\Audio</Filter>
    </ClInclude>
    <ClInclude Include="Engine\Base\DirectXCommon.h">
      <Filter>Engine\Base</Filter>
    </ClInclude>
    <ClInclude Include="Engine\Base\WinApp.h">
      <Filter>Engine\Base</Filter>
    </ClInclude>
    <ClInclude Include="Engine\Core\Framework.h">
      <Filter>Engine\Core</Filter>
    </ClInclude>
    <ClInclude Include="Engine\Core\MyGame.h">
      <Filter>Engine\Core</Filter>
    </ClInclude>
    <ClInclude Include="Engine\Frame\Frame.h">
      <Filter>Engine\Frame</Filter>
    </ClInclude>
    <ClInclude Include="Engine\Input\Input.h">
      <Filter>Engine\Input</Filter>
    </ClInclude>
    <ClInclude Include="Engine\Input\Mouse.h">
      <Filter>Engine\Input</Filter>
    </ClInclude>
    <ClInclude Include="Engine\Math\Easing.h">
      <Filter>Engine\Math</Filter>
    </ClInclude>
    <ClInclude Include="Engine\Math\myMath.h">
      <Filter>Engine\Math</Filter>
    </ClInclude>
    <ClInclude Include="Engine\Math\random.h">
      <Filter>Engine\Math</Filter>
    </ClInclude>
    <ClInclude Include="Engine\Math\type\Matrix3x3.h">
      <Filter>Engine\Math\type</Filter>
    </ClInclude>
    <ClInclude Include="Engine\Math\type\Matrix4x4.h">
      <Filter>Engine\Math\type</Filter>
    </ClInclude>
    <ClInclude Include="Engine\Math\type\Quaternion.h">
      <Filter>Engine\Math\type</Filter>
    </ClInclude>
    <ClInclude Include="Engine\Math\type\Vector2.h">
      <Filter>Engine\Math\type</Filter>
    </ClInclude>
    <ClInclude Include="Engine\Math\type\Vector3.h">
      <Filter>Engine\Math\type</Filter>
    </ClInclude>
    <ClInclude Include="Engine\Math\type\Vector4.h">
      <Filter>Engine\Math\type</Filter>
    </ClInclude>
    <ClInclude Include="Engine\OffScreen\OffScreen.h">
      <Filter>Engine\OffScreen</Filter>
    </ClInclude>
    <ClInclude Include="Engine\OffScreen\RendererBuffer.h">
      <Filter>Engine\OffScreen</Filter>
    </ClInclude>
    <ClInclude Include="Engine\OffScreen\PostEffect\PostEffectChain.h">
      <Filter>Engine\OffScreen\PostEffect</Filter>
    </ClInclude>
    <ClInclude Include="Engine\OffScreen\PostEffect\PostEffectDataManager.h">
      <Filter>Engine\OffScreen\PostEffect</Filter>
    </ClInclude>
    <ClInclude Include="Engine\OffScreen\PostEffect\PostEffectParameters.h">
      <Filter>Engine\OffScreen\PostEffect</Filter>
    </ClInclude>
    <ClInclude Include="Engine\OffScreen\PostEffect\PostEffectRenderer.h">
      <Filter>Engine\OffScreen\PostEffect</Filter>
    </ClInclude>
    <ClInclude Include="Engine\Scene\BaseScene.h">
      <Filter>Engine\Scene</Filter>
    </ClInclude>
    <ClInclude Include="Engine\Utility\Collider\Collider.h">
      <Filter>Engine\Utility\Collider</Filter>
    </ClInclude>
    <ClInclude Include="Engine\Utility\Collider\CollisionManager.h">
      <Filter>Engine\Utility\Collider</Filter>
    </ClInclude>
    <ClInclude Include="Engine\Utility\Data\DataHandler.h">
      <Filter>Engine\Utility\Data</Filter>
    </ClInclude>
    <ClInclude Include="Engine\Utility\Debug\ImGui\ImGuizmoManager.h">
      <Filter>Engine\Utility\Debug\ImGui</Filter>
    </ClInclude>
    <ClInclude Include="Engine\Utility\Debug\ImGui\ImGuiManager.h">
      <Filter>Engine\Utility\Debug\ImGui</Filter>
    </ClInclude>
    <ClInclude Include="Engine\Utility\Debug\Log\Logger.h">
      <Filter>Engine\Utility\Debug\Log</Filter>
    </ClInclude>
    <ClInclude Include="Engine\Utility\Debug\ResourceLeakChecker\D3DResourceLeakChecker.h">
      <Filter>Engine\Utility\Debug\ResourceLeakChecker</Filter>
    </ClInclude>
    <ClInclude Include="Engine\Utility\Edit\LevelData.h">
      <Filter>Engine\Utility\Edit</Filter>
    </ClInclude>
    <ClInclude Include="Engine\Utility\Edit\ShortcutManager\ShortcutManager.h">
      <Filter>Engine\Utility\Edit\ShortcutManager</Filter>
    </ClInclude>
    <ClInclude Include="Engine\Utility\Graphics\Texture\TextureManager.h">
      <Filter>Engine\Utility\Graphics\Texture</Filter>
    </ClInclude>
    <ClInclude Include="Engine\Utility\Graphics\Model\ModelManager.h">
      <Filter>Engine\Utility\Graphics\Model</Filter>
    </ClInclude>
    <ClInclude Include="Engine\Utility\Graphics\PipeLine\ComputePipeLineManager.h">
      <Filter>Engine\Utility\Graphics\PipeLine</Filter>
    </ClInclude>
    <ClInclude Include="Engine\Utility\Graphics\PipeLine\PipeLineManager.h">
      <Filter>Engine\Utility\Graphics\PipeLine</Filter>
    </ClInclude>
    <ClInclude Include="Engine\Utility\Graphics\Srv\SrvManager.h">
      <Filter>Engine\Utility\Graphics\Srv</Filter>
    </ClInclude>
    <ClInclude Include="Engine\Utility\LoadFile\Csv\CsvLoad.h">
      <Filter>Engine\Utility\LoadFile\Csv</Filter>
    </ClInclude>
    <ClInclude Include="Engine\Utility\String\StringUtility.h">
      <Filter>Engine\Utility\String</Filter>
    </ClInclude>
    <ClInclude Include="Engine\Utility\ShowFolder\ShowFolder.h">
      <Filter>Engine\Utility\ShowFolder</Filter>
    </ClInclude>
    <ClInclude Include="Engine\Utility\Scene\AbstractSceneFactory.h">
      <Filter>Engine\Utility\Scene</Filter>
    </ClInclude>
    <ClInclude Include="Engine\Utility\Scene\SceneFactory.h">
      <Filter>Engine\Utility\Scene</Filter>
    </ClInclude>
    <ClInclude Include="Engine\Utility\Scene\SceneManager.h">
      <Filter>Engine\Utility\Scene</Filter>
    </ClInclude>
    <ClInclude Include="Engine\Utility\Scene\SceneTransition.h">
      <Filter>Engine\Utility\Scene</Filter>
    </ClInclude>
    <ClInclude Include="Application\Camera\FollowCamera.h">
      <Filter>Application\Camera</Filter>
    </ClInclude>
    <ClInclude Include="Application\GameObject\Enemy\Enemy.h">
      <Filter>Application\GameObject\Enemy</Filter>
    </ClInclude>
    <ClInclude Include="Application\GameObject\Field\Ground\Ground.h">
      <Filter>Application\GameObject\Field\Ground</Filter>
    </ClInclude>
    <ClInclude Include="Application\GameObject\Field\SkyDome\SkyDome.h">
      <Filter>Application\GameObject\Field\SkyDome</Filter>
    </ClInclude>
    <ClInclude Include="Application\GameObject\Player\Player.h">
      <Filter>Application\GameObject\Player</Filter>
    </ClInclude>
    <ClInclude Include="Application\GameObject\Player\PlayerData.h">
      <Filter>Application\GameObject\Player</Filter>
    </ClInclude>
    <ClInclude Include="Application\GameObject\Player\Bullet\PlayerBullet.h">
      <Filter>Application\GameObject\Player\Bullet</Filter>
    </ClInclude>
    <ClInclude Include="Application\GameObject\Player\Bullet\ChageShot\ChageShot.h">
      <Filter>Application\GameObject\Player\Bullet\ChageShot</Filter>
    </ClInclude>
    <ClInclude Include="Application\GameObject\Player\Hand\PlayerHand.h">
      <Filter>Application\GameObject\Player\Hand</Filter>
    </ClInclude>
    <ClInclude Include="application\GameObject\Player\State\Action\PlayerStateRush.h">
      <Filter>Application\GameObject\Player\State\Action</Filter>
    </ClInclude>
    <ClInclude Include="Application\GameObject\Player\State\Air\PlayerStateAir.h">
      <Filter>Application\GameObject\Player\State\Air</Filter>
    </ClInclude>
    <ClInclude Include="Application\GameObject\Player\State\Base\PlayerBaseState.h">
      <Filter>Application\GameObject\Player\State\Base</Filter>
    </ClInclude>
    <ClInclude Include="Application\GameObject\Player\State\Fly\PlayerStateFlyIdle.h">
      <Filter>Application\GameObject\Player\State\Fly</Filter>
    </ClInclude>
    <ClInclude Include="Application\GameObject\Player\State\Fly\PlayerStateFlyMove.h">
      <Filter>Application\GameObject\Player\State\Fly</Filter>
    </ClInclude>
    <ClInclude Include="Application\GameObject\Player\State\Ground\PlayerStateIdle.h">
      <Filter>Application\GameObject\Player\State\Ground</Filter>
    </ClInclude>
    <ClInclude Include="Application\GameObject\Player\State\Ground\PlayerStateJump.h">
      <Filter>Application\GameObject\Player\State\Ground</Filter>
    </ClInclude>
    <ClInclude Include="Application\GameObject\Player\State\Ground\PlayerStateMove.h">
      <Filter>Application\GameObject\Player\State\Ground</Filter>
    </ClInclude>
    <ClInclude Include="Application\Scene\ClearScene.h">
      <Filter>Application\Scene</Filter>
    </ClInclude>
    <ClInclude Include="Application\Scene\DemoScene.h">
      <Filter>Application\Scene</Filter>
    </ClInclude>
    <ClInclude Include="Application\Scene\GameScene.h">
      <Filter>Application\Scene</Filter>
    </ClInclude>
    <ClInclude Include="Application\Scene\SelectScene.h">
      <Filter>Application\Scene</Filter>
    </ClInclude>
    <ClInclude Include="Application\Scene\TitleScene.h">
      <Filter>Application\Scene</Filter>
    </ClInclude>
    <ClInclude Include="Application\UI\Enemy\EnemyUI.h">
      <Filter>Application\UI\Enemy</Filter>
    </ClInclude>
    <ClInclude Include="Application\UI\Player\PlayerUI.h">
      <Filter>Application\UI\Player</Filter>
    </ClInclude>
    <ClInclude Include="application\Utility\ComboSystem\ComboSystem.h">
      <Filter>Application\Utility\ComboSystem</Filter>
    </ClInclude>
    <ClInclude Include="Application\Utility\HitStop\HitStop.h">
      <Filter>Application\Utility\HitStop</Filter>
    </ClInclude>
    <ClInclude Include="Application\Utility\MotionEditor\MotionEditor.h">
      <Filter>Application\Utility\MotionEditor</Filter>
    </ClInclude>
    <ClInclude Include="Application\Utility\Shake\Shake.h">
      <Filter>Application\Utility\Shake</Filter>
    </ClInclude>
    <ClInclude Include="externals\imgui\imconfig.h">
      <Filter>Externals\imgui</Filter>
    </ClInclude>
    <ClInclude Include="externals\imgui\imgui.h">
      <Filter>Externals\imgui</Filter>
    </ClInclude>
    <ClInclude Include="externals\imgui\imgui_impl_dx12.h">
      <Filter>Externals\imgui</Filter>
    </ClInclude>
    <ClInclude Include="externals\imgui\imgui_impl_win32.h">
      <Filter>Externals\imgui</Filter>
    </ClInclude>
    <ClInclude Include="externals\imgui\imgui_internal.h">
      <Filter>Externals\imgui</Filter>
    </ClInclude>
    <ClInclude Include="externals\imgui\ImGuizmo.h">
      <Filter>Externals\imgui</Filter>
    </ClInclude>
    <ClInclude Include="externals\imgui\imstb_rectpack.h">
      <Filter>Externals\imgui</Filter>
    </ClInclude>
    <ClInclude Include="externals\imgui\imstb_textedit.h">
      <Filter>Externals\imgui</Filter>
    </ClInclude>
    <ClInclude Include="externals\imgui\imstb_truetype.h">
      <Filter>Externals\imgui</Filter>
    </ClInclude>
    <ClInclude Include="Application\UI\Scene\Title\TitleUI.h" />
  </ItemGroup>
  <ItemGroup>
    <ResourceCompile Include="Hagine.rc" />
  </ItemGroup>
  <ItemGroup>
    <None Include=".claudiaideconfig" />
    <None Include=".editorconfig" />
    <None Include=".gitattributes" />
    <None Include=".gitignore" />
    <None Include="README.md" />
    <None Include="imgui_editor.ini">
      <Filter>Externals\imgui</Filter>
    </None>
    <None Include="imgui_game.ini">
      <Filter>Externals\imgui</Filter>
    </None>
    <None Include="resources\shaders\Line\Line3d.hlsli">
      <Filter>Resources\shaders\Line</Filter>
    </None>
    <None Include="resources\shaders\Sprite\Sprite.hlsli">
      <Filter>Resources\shaders\Sprite</Filter>
    </None>
    <None Include="Resources\shaders\Skybox\Skybox.hlsli">
      <Filter>Resources\shaders\Skybox</Filter>
    </None>
    <None Include="Resources\shaders\Skinning\Skinning.hlsli">
      <Filter>Resources\shaders\Skinning</Filter>
    </None>
    <None Include="Resources\shaders\Random\Random.hlsli">
      <Filter>Resources\shaders\Random</Filter>
    </None>
    <None Include="resources\shaders\Particle\Particle.hlsli">
      <Filter>Resources\shaders\Particle</Filter>
    </None>
    <None Include="Resources\shaders\Particle\Particle.VS.hlsl">
      <Filter>Resources\shaders\Particle</Filter>
    </None>
    <None Include="resources\shaders\Object\Object3d.hlsli">
      <Filter>Resources\shaders\Object</Filter>
    </None>
    <None Include="resources\shaders\OffScreen\FullScreen.hlsli">
      <Filter>Resources\shaders\OffScreen</Filter>
    </None>
  </ItemGroup>
  <ItemGroup>
    <Filter Include="Engine">
      <UniqueIdentifier>{a23db6d9-0ca9-418b-a8a8-bb3c4397c3e1}</UniqueIdentifier>
    </Filter>
    <Filter Include="Application">
      <UniqueIdentifier>{7eb5e2e3-d38e-4c8d-80e7-1672850812d9}</UniqueIdentifier>
    </Filter>
    <Filter Include="Externals">
      <UniqueIdentifier>{88a97eeb-5a42-4d89-a856-ba4f8cf4b2a4}</UniqueIdentifier>
    </Filter>
    <Filter Include="Resources">
      <UniqueIdentifier>{af471d1b-ea88-424b-95e7-cc9fca6aee71}</UniqueIdentifier>
    </Filter>
    <Filter Include="Engine\2d">
      <UniqueIdentifier>{fd75280d-36d9-40b6-8f00-6263cf8afc80}</UniqueIdentifier>
    </Filter>
    <Filter Include="Engine\3d">
      <UniqueIdentifier>{524f6f03-a891-429d-9947-c6e244f69428}</UniqueIdentifier>
    </Filter>
    <Filter Include="Engine\Audio">
      <UniqueIdentifier>{f338c5b9-64cd-4e89-a80e-781d55d30829}</UniqueIdentifier>
    </Filter>
    <Filter Include="Engine\Base">
      <UniqueIdentifier>{d0e27af5-7f5d-4be6-946d-f95a1b97752e}</UniqueIdentifier>
    </Filter>
    <Filter Include="Engine\Core">
      <UniqueIdentifier>{082d2206-be8b-4d17-a6f7-cde99e322b0c}</UniqueIdentifier>
    </Filter>
    <Filter Include="Engine\Frame">
      <UniqueIdentifier>{664983d7-d0dd-42ed-bf30-9a57cb2b3c8b}</UniqueIdentifier>
    </Filter>
    <Filter Include="Engine\Input">
      <UniqueIdentifier>{fc735b2c-1b02-44d5-9789-26f2227eda01}</UniqueIdentifier>
    </Filter>
    <Filter Include="Engine\Math">
      <UniqueIdentifier>{458b1d65-87fc-4c2d-826c-fbfc94db04c4}</UniqueIdentifier>
    </Filter>
    <Filter Include="Engine\OffScreen">
      <UniqueIdentifier>{73669081-583d-425b-a247-5ec9e1da4f2f}</UniqueIdentifier>
    </Filter>
    <Filter Include="Engine\Scene">
      <UniqueIdentifier>{258484d7-e0b3-4fca-b982-dc9fff67e7c0}</UniqueIdentifier>
    </Filter>
    <Filter Include="Engine\Utility">
      <UniqueIdentifier>{b081d3ac-b8da-4787-b279-cdf6b2f3dcf3}</UniqueIdentifier>
    </Filter>
    <Filter Include="Engine\3d\Animation">
      <UniqueIdentifier>{7031cd0b-6d3b-4815-a5dd-8b937cbe1d84}</UniqueIdentifier>
    </Filter>
    <Filter Include="Engine\3d\Camera">
      <UniqueIdentifier>{4129c5d6-b726-4fe3-8395-d4ebb710e2e0}</UniqueIdentifier>
    </Filter>
    <Filter Include="Engine\3d\Light">
      <UniqueIdentifier>{aead13ae-372e-4061-aa2c-6cc47c8b3edf}</UniqueIdentifier>
    </Filter>
    <Filter Include="Engine\3d\Line">
      <UniqueIdentifier>{de873e01-681d-447b-bc9f-562123736bd7}</UniqueIdentifier>
    </Filter>
    <Filter Include="Engine\3d\Model">
      <UniqueIdentifier>{dcbc6062-6020-4ec8-836b-a5a292fd1b73}</UniqueIdentifier>
    </Filter>
    <Filter Include="Engine\3d\Object">
      <UniqueIdentifier>{62c18bfc-66a3-45d4-a13f-c0a2acb7c868}</UniqueIdentifier>
    </Filter>
    <Filter Include="Engine\3d\Particle">
      <UniqueIdentifier>{79bd6753-3f99-4e99-b728-4204fe10cd56}</UniqueIdentifier>
    </Filter>
    <Filter Include="Engine\3d\Primitive">
      <UniqueIdentifier>{4ec5e4ac-6860-47d9-99f3-552e3e556841}</UniqueIdentifier>
    </Filter>
    <Filter Include="Engine\3d\SkyBox">
      <UniqueIdentifier>{0889971c-d2f5-45bb-b86e-8b08c95e245f}</UniqueIdentifier>
    </Filter>
    <Filter Include="Engine\3d\Transform">
      <UniqueIdentifier>{5713f799-c3f2-40ee-b5fe-946cc7c80163}</UniqueIdentifier>
    </Filter>
    <Filter Include="Engine\3d\Camera\BaseFollowCamera">
      <UniqueIdentifier>{eb0b127b-fc4d-494a-aede-011d9fb13ec0}</UniqueIdentifier>
    </Filter>
    <Filter Include="Engine\3d\Camera\DebugCamera">
      <UniqueIdentifier>{e35ccfc5-e41f-4d26-bab0-050ea4a15e2b}</UniqueIdentifier>
    </Filter>
    <Filter Include="Engine\3d\Camera\ViewProjection">
      <UniqueIdentifier>{a9a27917-3f80-44a3-873b-35bf3a9457f9}</UniqueIdentifier>
    </Filter>
    <Filter Include="Engine\3d\Model\Material">
      <UniqueIdentifier>{d429363a-bbcc-4e5e-87cc-20a9af1e9983}</UniqueIdentifier>
    </Filter>
    <Filter Include="Engine\3d\Model\Mesh">
      <UniqueIdentifier>{79db41fa-4f6e-427c-a766-67c23924f2ce}</UniqueIdentifier>
    </Filter>
    <Filter Include="Engine\3d\Object\Base">
      <UniqueIdentifier>{fba2fd8a-dcdb-4a4a-8acb-e56283b11461}</UniqueIdentifier>
    </Filter>
    <Filter Include="Engine\3d\Particle\CSParticle">
      <UniqueIdentifier>{9a54c0c0-787a-4ee8-aa6a-6345b3ce3790}</UniqueIdentifier>
    </Filter>
    <Filter Include="Engine\Math\type">
      <UniqueIdentifier>{89695803-2ae3-4969-81e6-2eb36273c0ae}</UniqueIdentifier>
    </Filter>
    <Filter Include="Engine\OffScreen\PostEffect">
      <UniqueIdentifier>{fda4d392-7e42-496c-b085-7c0ad14ede36}</UniqueIdentifier>
    </Filter>
    <Filter Include="Engine\Utility\Collider">
      <UniqueIdentifier>{740c04bd-6dbd-4781-b47f-09c6f02fa0e4}</UniqueIdentifier>
    </Filter>
    <Filter Include="Engine\Utility\Data">
      <UniqueIdentifier>{6c1a86da-d285-469d-a99e-890c687d35fb}</UniqueIdentifier>
    </Filter>
    <Filter Include="Engine\Utility\Debug">
      <UniqueIdentifier>{6044656f-323f-4bec-8244-f534f178c4ea}</UniqueIdentifier>
    </Filter>
    <Filter Include="Engine\Utility\Edit">
      <UniqueIdentifier>{7084f9ba-9e81-44e2-831b-3318dfc41493}</UniqueIdentifier>
    </Filter>
    <Filter Include="Engine\Utility\Graphics">
      <UniqueIdentifier>{9958f3ce-66ee-4827-997d-efbea2f40744}</UniqueIdentifier>
    </Filter>
    <Filter Include="Engine\Utility\LoadFile">
      <UniqueIdentifier>{87c0ed1b-8d68-4e1f-9020-e6d83015aaa9}</UniqueIdentifier>
    </Filter>
    <Filter Include="Engine\Utility\Scene">
      <UniqueIdentifier>{076a0f4c-b0dc-4327-9f4b-e8a607504961}</UniqueIdentifier>
    </Filter>
    <Filter Include="Engine\Utility\ShowFolder">
      <UniqueIdentifier>{b02b0abf-38cb-4cd6-81f8-602784185847}</UniqueIdentifier>
    </Filter>
    <Filter Include="Engine\Utility\String">
      <UniqueIdentifier>{b738911f-7759-4769-8d78-8711408dd12a}</UniqueIdentifier>
    </Filter>
    <Filter Include="Engine\Utility\Debug\ImGui">
      <UniqueIdentifier>{f07c8c7a-e63b-4f66-8125-8e378088ec82}</UniqueIdentifier>
    </Filter>
    <Filter Include="Engine\Utility\Debug\Log">
      <UniqueIdentifier>{ea7cf665-453a-4072-8be2-6d93388b5df3}</UniqueIdentifier>
    </Filter>
    <Filter Include="Engine\Utility\Debug\ResourceLeakChecker">
      <UniqueIdentifier>{086d005b-1d44-4cf8-b853-c73d22d9aa68}</UniqueIdentifier>
    </Filter>
    <Filter Include="Engine\Utility\Edit\ShortcutManager">
      <UniqueIdentifier>{1c7741e5-3c12-481f-a77e-3157cdfb6962}</UniqueIdentifier>
    </Filter>
    <Filter Include="Engine\Utility\Graphics\Model">
      <UniqueIdentifier>{282c8991-8a2b-4aa9-ab97-eab3d1366fbc}</UniqueIdentifier>
    </Filter>
    <Filter Include="Engine\Utility\Graphics\PipeLine">
      <UniqueIdentifier>{59ebe8b8-c4fc-4881-8b2e-db99913da9bd}</UniqueIdentifier>
    </Filter>
    <Filter Include="Engine\Utility\Graphics\Srv">
      <UniqueIdentifier>{f84ef141-ea89-4e12-bd7e-1b47b55e29ab}</UniqueIdentifier>
    </Filter>
    <Filter Include="Engine\Utility\Graphics\Texture">
      <UniqueIdentifier>{9a36c517-53b5-498c-baf4-79f643caa358}</UniqueIdentifier>
    </Filter>
    <Filter Include="Engine\Utility\LoadFile\Csv">
      <UniqueIdentifier>{af2190b9-29c3-479c-8699-0faaf852379c}</UniqueIdentifier>
    </Filter>
    <Filter Include="Application\Camera">
      <UniqueIdentifier>{c4917ebd-2b89-49c8-acdf-b94477fc1242}</UniqueIdentifier>
    </Filter>
    <Filter Include="Application\GameObject">
      <UniqueIdentifier>{7d3514af-ae77-4ee7-9a4d-0b1cf183d653}</UniqueIdentifier>
    </Filter>
    <Filter Include="Application\Scene">
      <UniqueIdentifier>{d2a12efb-e9e1-467a-85f1-586b72b894f3}</UniqueIdentifier>
    </Filter>
    <Filter Include="Application\UI">
      <UniqueIdentifier>{fbb7970d-d8d8-4f1e-8a0f-32f109504b1e}</UniqueIdentifier>
    </Filter>
    <Filter Include="Application\Utility">
      <UniqueIdentifier>{89c85a2f-92bf-40e1-a39e-364764254dd7}</UniqueIdentifier>
    </Filter>
    <Filter Include="Application\GameObject\Enemy">
      <UniqueIdentifier>{f7a8f48d-ae5d-4f1f-838a-96bcdeff5f6f}</UniqueIdentifier>
    </Filter>
    <Filter Include="Application\GameObject\Field">
      <UniqueIdentifier>{10b9acf0-6181-42d7-8a78-1309a8c9893d}</UniqueIdentifier>
    </Filter>
    <Filter Include="Application\GameObject\Player">
      <UniqueIdentifier>{523549f6-0b53-4b66-bc44-50d0f4b4d447}</UniqueIdentifier>
    </Filter>
    <Filter Include="Application\GameObject\Field\Ground">
      <UniqueIdentifier>{ecf6ba91-d44f-4818-b208-70e338923672}</UniqueIdentifier>
    </Filter>
    <Filter Include="Application\GameObject\Field\SkyDome">
      <UniqueIdentifier>{82fa7f7c-7c95-4130-a82d-8a075408e7ea}</UniqueIdentifier>
    </Filter>
    <Filter Include="Application\GameObject\Player\State">
      <UniqueIdentifier>{f937665b-6fcc-4026-9839-dc4514bc483c}</UniqueIdentifier>
    </Filter>
    <Filter Include="Application\GameObject\Player\Hand">
      <UniqueIdentifier>{c51d8fc3-c251-4fe3-867c-7078bea01bdc}</UniqueIdentifier>
    </Filter>
    <Filter Include="Application\GameObject\Player\Bullet">
      <UniqueIdentifier>{818020b5-5309-48f3-bce4-77e2eceb5536}</UniqueIdentifier>
    </Filter>
    <Filter Include="Application\GameObject\Player\Bullet\ChageShot">
      <UniqueIdentifier>{41cbdf29-e700-4ec8-9496-b15d24d96db3}</UniqueIdentifier>
    </Filter>
    <Filter Include="Application\GameObject\Player\State\Action">
      <UniqueIdentifier>{ae71c071-46d5-4d5e-823f-aac1175fcf73}</UniqueIdentifier>
    </Filter>
    <Filter Include="Application\GameObject\Player\State\Air">
      <UniqueIdentifier>{2af0633c-5af1-45cf-a56d-0f4971daee1c}</UniqueIdentifier>
    </Filter>
    <Filter Include="Application\GameObject\Player\State\Base">
      <UniqueIdentifier>{f15c8431-5add-41d6-8c73-233333c1e56f}</UniqueIdentifier>
    </Filter>
    <Filter Include="Application\GameObject\Player\State\Fly">
      <UniqueIdentifier>{e1bfe385-2665-4a4d-bd70-2df507a92a27}</UniqueIdentifier>
    </Filter>
    <Filter Include="Application\GameObject\Player\State\Ground">
      <UniqueIdentifier>{55ec18bc-0362-4aff-9ecc-51c34e1d75bc}</UniqueIdentifier>
    </Filter>
    <Filter Include="Application\UI\Enemy">
      <UniqueIdentifier>{9907943b-a1a5-435a-b02b-c7837d95fb79}</UniqueIdentifier>
    </Filter>
    <Filter Include="Application\UI\Player">
      <UniqueIdentifier>{6799ad6f-7a95-457c-a34d-002278d4880d}</UniqueIdentifier>
    </Filter>
    <Filter Include="Application\Utility\ComboSystem">
      <UniqueIdentifier>{16e10004-8968-4892-a4b0-099daef264db}</UniqueIdentifier>
    </Filter>
    <Filter Include="Application\Utility\HitStop">
      <UniqueIdentifier>{85ccf192-4032-4f0a-9803-5a7cc430a0c2}</UniqueIdentifier>
    </Filter>
    <Filter Include="Application\Utility\MotionEditor">
      <UniqueIdentifier>{d59daea5-ba04-4096-ad54-de46e3d096d8}</UniqueIdentifier>
    </Filter>
    <Filter Include="Application\Utility\Shake">
      <UniqueIdentifier>{16608eb4-6ecf-4bd0-b7ea-8750ec0f8935}</UniqueIdentifier>
    </Filter>
    <Filter Include="Externals\assimp">
      <UniqueIdentifier>{4dace0c1-a5f0-4edc-bb14-293baf47dfd9}</UniqueIdentifier>
    </Filter>
    <Filter Include="Externals\DirectXTex">
      <UniqueIdentifier>{188cd572-48b9-4892-8201-637d23cb3f07}</UniqueIdentifier>
    </Filter>
    <Filter Include="Externals\icon">
      <UniqueIdentifier>{38cf9d07-2a6d-4612-b11b-ab8a714e830f}</UniqueIdentifier>
    </Filter>
    <Filter Include="Externals\imgui">
      <UniqueIdentifier>{25b5a382-59cf-404d-bcf7-8004c58dcfcd}</UniqueIdentifier>
    </Filter>
    <Filter Include="Externals\nlohmann">
      <UniqueIdentifier>{c2e8b52d-cc8e-407e-8c70-9287c51ae7be}</UniqueIdentifier>
    </Filter>
    <Filter Include="Resources\fonts">
      <UniqueIdentifier>{fce277a6-a978-4242-b0b3-363020a6a502}</UniqueIdentifier>
    </Filter>
    <Filter Include="Resources\images">
      <UniqueIdentifier>{ff013476-6c07-4ac0-b24a-50cb37e261b0}</UniqueIdentifier>
    </Filter>
    <Filter Include="Resources\jsons">
      <UniqueIdentifier>{3624cefc-6588-4f2c-a1b3-3b29fe38749a}</UniqueIdentifier>
    </Filter>
    <Filter Include="Resources\models">
      <UniqueIdentifier>{e80c75d4-71b9-4b1c-a481-8adf50f043fb}</UniqueIdentifier>
    </Filter>
    <Filter Include="Resources\shaders">
      <UniqueIdentifier>{a83ce416-6ad7-4317-8f20-0b50c9affcee}</UniqueIdentifier>
    </Filter>
    <Filter Include="Resources\sounds">
      <UniqueIdentifier>{93c6e4d3-c11a-4218-80cf-2c8d897d0df7}</UniqueIdentifier>
    </Filter>
    <Filter Include="Resources\shaders\Line">
      <UniqueIdentifier>{f6761749-6dbe-4886-8382-ad2b25e04ea6}</UniqueIdentifier>
    </Filter>
    <Filter Include="Resources\shaders\Object">
      <UniqueIdentifier>{e0337b1c-6ff6-48d0-864b-364de77034b0}</UniqueIdentifier>
    </Filter>
    <Filter Include="Resources\shaders\OffScreen">
      <UniqueIdentifier>{220037fd-8562-4a17-a61c-25d63e1e0480}</UniqueIdentifier>
    </Filter>
    <Filter Include="Resources\shaders\Particle">
      <UniqueIdentifier>{38471c15-e3a3-4d2d-9d99-52dee89ab24d}</UniqueIdentifier>
    </Filter>
    <Filter Include="Resources\shaders\Random">
      <UniqueIdentifier>{90f908be-c501-48e5-a51a-1dded3efab88}</UniqueIdentifier>
    </Filter>
    <Filter Include="Resources\shaders\Skinning">
      <UniqueIdentifier>{048352d9-b427-4d4b-9713-8422bdc4eb99}</UniqueIdentifier>
    </Filter>
    <Filter Include="Resources\shaders\Skybox">
      <UniqueIdentifier>{e41c405c-3adb-421f-85e5-e86b2c834f1e}</UniqueIdentifier>
    </Filter>
    <Filter Include="Resources\shaders\Sprite">
      <UniqueIdentifier>{2a0da68a-7f77-42be-ac9f-728eedfb6959}</UniqueIdentifier>
    </Filter>
    <Filter Include="Resources\shaders\Particle\CSParticle">
      <UniqueIdentifier>{50eb7f6a-9f9e-4eda-9b15-7d4945c73893}</UniqueIdentifier>
    </Filter>
  </ItemGroup>
  <ItemGroup>
    <Text Include="externals\imgui\LICENSE.txt">
      <Filter>Externals\imgui</Filter>
    </Text>
  </ItemGroup>
</Project>